// !$*UTF8*$!
{
	archiveVersion = 1;
	classes = {
	};
	objectVersion = 48;
	objects = {

/* Begin PBXBuildFile section */
		BA968CB41F9C5EBA002B3512 /* AppDelegate.swift in Sources */ = {isa = PBXBuildFile; fileRef = BA968CB31F9C5EBA002B3512 /* AppDelegate.swift */; };
		BA968CB61F9C5EBA002B3512 /* ViewController.swift in Sources */ = {isa = PBXBuildFile; fileRef = BA968CB51F9C5EBA002B3512 /* ViewController.swift */; };
		BA968CB91F9C5EBA002B3512 /* Main.storyboard in Resources */ = {isa = PBXBuildFile; fileRef = BA968CB71F9C5EBA002B3512 /* Main.storyboard */; };
		BA968CBB1F9C5EBA002B3512 /* Assets.xcassets in Resources */ = {isa = PBXBuildFile; fileRef = BA968CBA1F9C5EBA002B3512 /* Assets.xcassets */; };
		BA968CBE1F9C5EBA002B3512 /* LaunchScreen.storyboard in Resources */ = {isa = PBXBuildFile; fileRef = BA968CBC1F9C5EBA002B3512 /* LaunchScreen.storyboard */; };
/* End PBXBuildFile section */

/* Begin PBXFileReference section */
		BA968CB01F9C5EBA002B3512 /* 1022table+datamodel.app */ = {isa = PBXFileReference; explicitFileType = wrapper.application; includeInIndex = 0; path = "1022table+datamodel.app"; sourceTree = BUILT_PRODUCTS_DIR; };
		BA968CB31F9C5EBA002B3512 /* AppDelegate.swift */ = {isa = PBXFileReference; lastKnownFileType = sourcecode.swift; path = AppDelegate.swift; sourceTree = "<group>"; };
		BA968CB51F9C5EBA002B3512 /* ViewController.swift */ = {isa = PBXFileReference; lastKnownFileType = sourcecode.swift; path = ViewController.swift; sourceTree = "<group>"; };
		BA968CB81F9C5EBA002B3512 /* Base */ = {isa = PBXFileReference; lastKnownFileType = file.storyboard; name = Base; path = Base.lproj/Main.storyboard; sourceTree = "<group>"; };
		BA968CBA1F9C5EBA002B3512 /* Assets.xcassets */ = {isa = PBXFileReference; lastKnownFileType = folder.assetcatalog; path = Assets.xcassets; sourceTree = "<group>"; };
		BA968CBD1F9C5EBA002B3512 /* Base */ = {isa = PBXFileReference; lastKnownFileType = file.storyboard; name = Base; path = Base.lproj/LaunchScreen.storyboard; sourceTree = "<group>"; };
		BA968CBF1F9C5EBA002B3512 /* Info.plist */ = {isa = PBXFileReference; lastKnownFileType = text.plist.xml; path = Info.plist; sourceTree = "<group>"; };
		BA968CC51F9C5FB5002B3512 /* FreindInfo.plist */ = {isa = PBXFileReference; lastKnownFileType = text.plist.xml; path = FreindInfo.plist; sourceTree = "<group>"; };
/* End PBXFileReference section */

/* Begin PBXFrameworksBuildPhase section */
		BA968CAD1F9C5EBA002B3512 /* Frameworks */ = {
			isa = PBXFrameworksBuildPhase;
			buildActionMask = 2147483647;
			files = (
			);
			runOnlyForDeploymentPostprocessing = 0;
		};
/* End PBXFrameworksBuildPhase section */

/* Begin PBXGroup section */
		BA968CA71F9C5EBA002B3512 = {
			isa = PBXGroup;
			children = (
				BA968CB21F9C5EBA002B3512 /* 1022table+datamodel */,
				BA968CB11F9C5EBA002B3512 /* Products */,
			);
			sourceTree = "<group>";
		};
		BA968CB11F9C5EBA002B3512 /* Products */ = {
			isa = PBXGroup;
			children = (
				BA968CB01F9C5EBA002B3512 /* 1022table+datamodel.app */,
			);
			name = Products;
			sourceTree = "<group>";
		};
		BA968CB21F9C5EBA002B3512 /* 1022table+datamodel */ = {
			isa = PBXGroup;
			children = (
				BA968CB31F9C5EBA002B3512 /* AppDelegate.swift */,
				BA968CB51F9C5EBA002B3512 /* ViewController.swift */,
				BA968CB71F9C5EBA002B3512 /* Main.storyboard */,
				BA968CBA1F9C5EBA002B3512 /* Assets.xcassets */,
				BA968CBC1F9C5EBA002B3512 /* LaunchScreen.storyboard */,
				BA968CBF1F9C5EBA002B3512 /* Info.plist */,
				BA968CC51F9C5FB5002B3512 /* FreindInfo.plist */,
			);
			path = "1022table+datamodel";
			sourceTree = "<group>";
		};
/* End PBXGroup section */

/* Begin PBXNativeTarget section */
		BA968CAF1F9C5EBA002B3512 /* 1022table+datamodel */ = {
			isa = PBXNativeTarget;
			buildConfigurationList = BA968CC21F9C5EBA002B3512 /* Build configuration list for PBXNativeTarget "1022table+datamodel" */;
			buildPhases = (
				BA968CAC1F9C5EBA002B3512 /* Sources */,
				BA968CAD1F9C5EBA002B3512 /* Frameworks */,
				BA968CAE1F9C5EBA002B3512 /* Resources */,
			);
			buildRules = (
			);
			dependencies = (
			);
			name = "1022table+datamodel";
			productName = "1022table+datamodel";
			productReference = BA968CB01F9C5EBA002B3512 /* 1022table+datamodel.app */;
			productType = "com.apple.product-type.application";
		};
/* End PBXNativeTarget section */

/* Begin PBXProject section */
		BA968CA81F9C5EBA002B3512 /* Project object */ = {
			isa = PBXProject;
			attributes = {
				LastSwiftUpdateCheck = 0900;
				LastUpgradeCheck = 0900;
				ORGANIZATIONNAME = okkoung;
				TargetAttributes = {
					BA968CAF1F9C5EBA002B3512 = {
						CreatedOnToolsVersion = 9.0;
						ProvisioningStyle = Automatic;
					};
				};
			};
			buildConfigurationList = BA968CAB1F9C5EBA002B3512 /* Build configuration list for PBXProject "1022table+datamodel" */;
			compatibilityVersion = "Xcode 8.0";
			developmentRegion = en;
			hasScannedForEncodings = 0;
			knownRegions = (
				en,
				Base,
			);
			mainGroup = BA968CA71F9C5EBA002B3512;
			productRefGroup = BA968CB11F9C5EBA002B3512 /* Products */;
			projectDirPath = "";
			projectRoot = "";
			targets = (
				BA968CAF1F9C5EBA002B3512 /* 1022table+datamodel */,
			);
		};
/* End PBXProject section */

/* Begin PBXResourcesBuildPhase section */
		BA968CAE1F9C5EBA002B3512 /* Resources */ = {
			isa = PBXResourcesBuildPhase;
			buildActionMask = 2147483647;
			files = (
				BA968CBE1F9C5EBA002B3512 /* LaunchScreen.storyboard in Resources */,
				BA968CBB1F9C5EBA002B3512 /* Assets.xcassets in Resources */,
				BA968CB91F9C5EBA002B3512 /* Main.storyboard in Resources */,
			);
			runOnlyForDeploymentPostprocessing = 0;
		};
/* End PBXResourcesBuildPhase section */

/* Begin PBXSourcesBuildPhase section */
		BA968CAC1F9C5EBA002B3512 /* Sources */ = {
			isa = PBXSourcesBuildPhase;
			buildActionMask = 2147483647;
			files = (
				BA968CB61F9C5EBA002B3512 /* ViewController.swift in Sources */,
				BA968CB41F9C5EBA002B3512 /* AppDelegate.swift in Sources */,
			);
			runOnlyForDeploymentPostprocessing = 0;
		};
/* End PBXSourcesBuildPhase section */

/* Begin PBXVariantGroup section */
		BA968CB71F9C5EBA002B3512 /* Main.storyboard */ = {
			isa = PBXVariantGroup;
			children = (
				BA968CB81F9C5EBA002B3512 /* Base */,
			);
			name = Main.storyboard;
			sourceTree = "<group>";
		};
		BA968CBC1F9C5EBA002B3512 /* LaunchScreen.storyboard */ = {
			isa = PBXVariantGroup;
			children = (
				BA968CBD1F9C5EBA002B3512 /* Base */,
			);
			name = LaunchScreen.storyboard;
			sourceTree = "<group>";
		};
/* End PBXVariantGroup section */

/* Begin XCBuildConfiguration section */
		BA968CC01F9C5EBA002B3512 /* Debug */ = {
			isa = XCBuildConfiguration;
			buildSettings = {
				ALWAYS_SEARCH_USER_PATHS = NO;
				CLANG_ANALYZER_NONNULL = YES;
				CLANG_ANALYZER_NUMBER_OBJECT_CONVERSION = YES_AGGRESSIVE;
				CLANG_CXX_LANGUAGE_STANDARD = "gnu++14";
				CLANG_CXX_LIBRARY = "libc++";
				CLANG_ENABLE_MODULES = YES;
				CLANG_ENABLE_OBJC_ARC = YES;
				CLANG_WARN_BLOCK_CAPTURE_AUTORELEASING = YES;
				CLANG_WARN_BOOL_CONVERSION = YES;
				CLANG_WARN_COMMA = YES;
				CLANG_WARN_CONSTANT_CONVERSION = YES;
				CLANG_WARN_DIRECT_OBJC_ISA_USAGE = YES_ERROR;
				CLANG_WARN_DOCUMENTATION_COMMENTS = YES;
				CLANG_WARN_EMPTY_BODY = YES;
				CLANG_WARN_ENUM_CONVERSION = YES;
				CLANG_WARN_INFINITE_RECURSION = YES;
				CLANG_WARN_INT_CONVERSION = YES;
				CLANG_WARN_NON_LITERAL_NULL_CONVERSION = YES;
				CLANG_WARN_OBJC_LITERAL_CONVERSION = YES;
				CLANG_WARN_OBJC_ROOT_CLASS = YES_ERROR;
				CLANG_WARN_RANGE_LOOP_ANALYSIS = YES;
				CLANG_WARN_STRICT_PROTOTYPES = YES;
				CLANG_WARN_SUSPICIOUS_MOVE = YES;
				CLANG_WARN_UNGUARDED_AVAILABILITY = YES_AGGRESSIVE;
				CLANG_WARN_UNREACHABLE_CODE = YES;
				CLANG_WARN__DUPLICATE_METHOD_MATCH = YES;
				CODE_SIGN_IDENTITY = "iPhone Developer";
				COPY_PHASE_STRIP = NO;
				DEBUG_INFORMATION_FORMAT = dwarf;
				ENABLE_STRICT_OBJC_MSGSEND = YES;
				ENABLE_TESTABILITY = YES;
				GCC_C_LANGUAGE_STANDARD = gnu11;
				GCC_DYNAMIC_NO_PIC = NO;
				GCC_NO_COMMON_BLOCKS = YES;
				GCC_OPTIMIZATION_LEVEL = 0;
				GCC_PREPROCESSOR_DEFINITIONS = (
					"DEBUG=1",
					"$(inherited)",
				);
				GCC_WARN_64_TO_32_BIT_CONVERSION = YES;
				GCC_WARN_ABOUT_RETURN_TYPE = YES_ERROR;
				GCC_WARN_UNDECLARED_SELECTOR = YES;
				GCC_WARN_UNINITIALIZED_AUTOS = YES_AGGRESSIVE;
				GCC_WARN_UNUSED_FUNCTION = YES;
				GCC_WARN_UNUSED_VARIABLE = YES;
				IPHONEOS_DEPLOYMENT_TARGET = 11.0;
				MTL_ENABLE_DEBUG_INFO = YES;
				ONLY_ACTIVE_ARCH = YES;
				SDKROOT = iphoneos;
				SWIFT_ACTIVE_COMPILATION_CONDITIONS = DEBUG;
				SWIFT_OPTIMIZATION_LEVEL = "-Onone";
			};
			name = Debug;
		};
		BA968CC11F9C5EBA002B3512 /* Release */ = {
			isa = XCBuildConfiguration;
			buildSettings = {
				ALWAYS_SEARCH_USER_PATHS = NO;
				CLANG_ANALYZER_NONNULL = YES;
				CLANG_ANALYZER_NUMBER_OBJECT_CONVERSION = YES_AGGRESSIVE;
				CLANG_CXX_LANGUAGE_STANDARD = "gnu++14";
				CLANG_CXX_LIBRARY = "libc++";
				CLANG_ENABLE_MODULES = YES;
				CLANG_ENABLE_OBJC_ARC = YES;
				CLANG_WARN_BLOCK_CAPTURE_AUTORELEASING = YES;
				CLANG_WARN_BOOL_CONVERSION = YES;
				CLANG_WARN_COMMA = YES;
				CLANG_WARN_CONSTANT_CONVERSION = YES;
				CLANG_WARN_DIRECT_OBJC_ISA_USAGE = YES_ERROR;
				CLANG_WARN_DOCUMENTATION_COMMENTS = YES;
				CLANG_WARN_EMPTY_BODY = YES;
				CLANG_WARN_ENUM_CONVERSION = YES;
				CLANG_WARN_INFINITE_RECURSION = YES;
				CLANG_WARN_INT_CONVERSION = YES;
				CLANG_WARN_NON_LITERAL_NULL_CONVERSION = YES;
				CLANG_WARN_OBJC_LITERAL_CONVERSION = YES;
				CLANG_WARN_OBJC_ROOT_CLASS = YES_ERROR;
				CLANG_WARN_RANGE_LOOP_ANALYSIS = YES;
				CLANG_WARN_STRICT_PROTOTYPES = YES;
				CLANG_WARN_SUSPICIOUS_MOVE = YES;
				CLANG_WARN_UNGUARDED_AVAILABILITY = YES_AGGRESSIVE;
				CLANG_WARN_UNREACHABLE_CODE = YES;
				CLANG_WARN__DUPLICATE_METHOD_MATCH = YES;
				CODE_SIGN_IDENTITY = "iPhone Developer";
				COPY_PHASE_STRIP = NO;
				DEBUG_INFORMATION_FORMAT = "dwarf-with-dsym";
				ENABLE_NS_ASSERTIONS = NO;
				ENABLE_STRICT_OBJC_MSGSEND = YES;
				GCC_C_LANGUAGE_STANDARD = gnu11;
				GCC_NO_COMMON_BLOCKS = YES;
				GCC_WARN_64_TO_32_BIT_CONVERSION = YES;
				GCC_WARN_ABOUT_RETURN_TYPE = YES_ERROR;
				GCC_WARN_UNDECLARED_SELECTOR = YES;
				GCC_WARN_UNINITIALIZED_AUTOS = YES_AGGRESSIVE;
				GCC_WARN_UNUSED_FUNCTION = YES;
				GCC_WARN_UNUSED_VARIABLE = YES;
				IPHONEOS_DEPLOYMENT_TARGET = 11.0;
				MTL_ENABLE_DEBUG_INFO = NO;
				SDKROOT = iphoneos;
				SWIFT_OPTIMIZATION_LEVEL = "-Owholemodule";
				VALIDATE_PRODUCT = YES;
			};
			name = Release;
		};
		BA968CC31F9C5EBA002B3512 /* Debug */ = {
			isa = XCBuildConfiguration;
			buildSettings = {
				ASSETCATALOG_COMPILER_APPICON_NAME = AppIcon;
				CODE_SIGN_STYLE = Automatic;
				INFOPLIST_FILE = "1022table+datamodel/Info.plist";
				LD_RUNPATH_SEARCH_PATHS = "$(inherited) @executable_path/Frameworks";
				PRODUCT_BUNDLE_IDENTIFIER = "com.jscschool.-022table-datamodel";
				PRODUCT_NAME = "$(TARGET_NAME)";
				SWIFT_VERSION = 4.0;
				TARGETED_DEVICE_FAMILY = "1,2";
			};
			name = Debug;
		};
		BA968CC41F9C5EBA002B3512 /* Release */ = {
			isa = XCBuildConfiguration;
			buildSettings = {
				ASSETCATALOG_COMPILER_APPICON_NAME = AppIcon;
				CODE_SIGN_STYLE = Automatic;
				INFOPLIST_FILE = "1022table+datamodel/Info.plist";
				LD_RUNPATH_SEARCH_PATHS = "$(inherited) @executable_path/Frameworks";
				PRODUCT_BUNDLE_IDENTIFIER = "com.jscschool.-022table-datamodel";
				PRODUCT_NAME = "$(TARGET_NAME)";
				SWIFT_VERSION = 4.0;
				TARGETED_DEVICE_FAMILY = "1,2";
			};
			name = Release;
		};
/* End XCBuildConfiguration section */

/* Begin XCConfigurationList section */
		BA968CAB1F9C5EBA002B3512 /* Build configuration list for PBXProject "1022table+datamodel" */ = {
			isa = XCConfigurationList;
			buildConfigurations = (
				BA968CC01F9C5EBA002B3512 /* Debug */,
				BA968CC11F9C5EBA002B3512 /* Release */,
			);
			defaultConfigurationIsVisible = 0;
			defaultConfigurationName = Release;
		};
		BA968CC21F9C5EBA002B3512 /* Build configuration list for PBXNativeTarget "1022table+datamodel" */ = {
			isa = XCConfigurationList;
			buildConfigurations = (
				BA968CC31F9C5EBA002B3512 /* Debug */,
				BA968CC41F9C5EBA002B3512 /* Release */,
			);
			defaultConfigurationIsVisible = 0;
			defaultConfigurationName = Release;
		};
/* End XCConfigurationList section */
	};
	rootObject = BA968CA81F9C5EBA002B3512 /* Project object */;
}
