// !$*UTF8*$!
{
	archiveVersion = 1;
	classes = {
	};
	objectVersion = 48;
	objects = {

/* Begin PBXBuildFile section */
		BA37546A1F9F1968002C1888 /* AppDelegate.swift in Sources */ = {isa = PBXBuildFile; fileRef = BA3754691F9F1968002C1888 /* AppDelegate.swift */; };
		BA37546C1F9F1968002C1888 /* ViewController.swift in Sources */ = {isa = PBXBuildFile; fileRef = BA37546B1F9F1968002C1888 /* ViewController.swift */; };
		BA37546F1F9F1968002C1888 /* Main.storyboard in Resources */ = {isa = PBXBuildFile; fileRef = BA37546D1F9F1968002C1888 /* Main.storyboard */; };
		BA3754711F9F1968002C1888 /* Assets.xcassets in Resources */ = {isa = PBXBuildFile; fileRef = BA3754701F9F1968002C1888 /* Assets.xcassets */; };
		BA3754741F9F1968002C1888 /* LaunchScreen.storyboard in Resources */ = {isa = PBXBuildFile; fileRef = BA3754721F9F1968002C1888 /* LaunchScreen.storyboard */; };
		BA37547C1F9F1A4F002C1888 /* SecondViewController.swift in Sources */ = {isa = PBXBuildFile; fileRef = BA37547B1F9F1A4F002C1888 /* SecondViewController.swift */; };
		BA37547E1F9F1A64002C1888 /* LastViewController.swift in Sources */ = {isa = PBXBuildFile; fileRef = BA37547D1F9F1A64002C1888 /* LastViewController.swift */; };
/* End PBXBuildFile section */

/* Begin PBXFileReference section */
		BA3754661F9F1968002C1888 /* 1024notification'.app */ = {isa = PBXFileReference; explicitFileType = wrapper.application; includeInIndex = 0; path = "1024notification'.app"; sourceTree = BUILT_PRODUCTS_DIR; };
		BA3754691F9F1968002C1888 /* AppDelegate.swift */ = {isa = PBXFileReference; lastKnownFileType = sourcecode.swift; path = AppDelegate.swift; sourceTree = "<group>"; };
		BA37546B1F9F1968002C1888 /* ViewController.swift */ = {isa = PBXFileReference; lastKnownFileType = sourcecode.swift; path = ViewController.swift; sourceTree = "<group>"; };
		BA37546E1F9F1968002C1888 /* Base */ = {isa = PBXFileReference; lastKnownFileType = file.storyboard; name = Base; path = Base.lproj/Main.storyboard; sourceTree = "<group>"; };
		BA3754701F9F1968002C1888 /* Assets.xcassets */ = {isa = PBXFileReference; lastKnownFileType = folder.assetcatalog; path = Assets.xcassets; sourceTree = "<group>"; };
		BA3754731F9F1968002C1888 /* Base */ = {isa = PBXFileReference; lastKnownFileType = file.storyboard; name = Base; path = Base.lproj/LaunchScreen.storyboard; sourceTree = "<group>"; };
		BA3754751F9F1968002C1888 /* Info.plist */ = {isa = PBXFileReference; lastKnownFileType = text.plist.xml; path = Info.plist; sourceTree = "<group>"; };
		BA37547B1F9F1A4F002C1888 /* SecondViewController.swift */ = {isa = PBXFileReference; lastKnownFileType = sourcecode.swift; path = SecondViewController.swift; sourceTree = "<group>"; };
		BA37547D1F9F1A64002C1888 /* LastViewController.swift */ = {isa = PBXFileReference; lastKnownFileType = sourcecode.swift; path = LastViewController.swift; sourceTree = "<group>"; };
/* End PBXFileReference section */

/* Begin PBXFrameworksBuildPhase section */
		BA3754631F9F1968002C1888 /* Frameworks */ = {
			isa = PBXFrameworksBuildPhase;
			buildActionMask = 2147483647;
			files = (
			);
			runOnlyForDeploymentPostprocessing = 0;
		};
/* End PBXFrameworksBuildPhase section */

/* Begin PBXGroup section */
		BA37545D1F9F1968002C1888 = {
			isa = PBXGroup;
			children = (
				BA3754681F9F1968002C1888 /* 1024notification' */,
				BA3754671F9F1968002C1888 /* Products */,
			);
			sourceTree = "<group>";
		};
		BA3754671F9F1968002C1888 /* Products */ = {
			isa = PBXGroup;
			children = (
				BA3754661F9F1968002C1888 /* 1024notification'.app */,
			);
			name = Products;
			sourceTree = "<group>";
		};
		BA3754681F9F1968002C1888 /* 1024notification' */ = {
			isa = PBXGroup;
			children = (
				BA3754691F9F1968002C1888 /* AppDelegate.swift */,
				BA37546B1F9F1968002C1888 /* ViewController.swift */,
				BA37547B1F9F1A4F002C1888 /* SecondViewController.swift */,
				BA37547D1F9F1A64002C1888 /* LastViewController.swift */,
				BA37546D1F9F1968002C1888 /* Main.storyboard */,
				BA3754701F9F1968002C1888 /* Assets.xcassets */,
				BA3754721F9F1968002C1888 /* LaunchScreen.storyboard */,
				BA3754751F9F1968002C1888 /* Info.plist */,
			);
			path = "1024notification'";
			sourceTree = "<group>";
		};
/* End PBXGroup section */

/* Begin PBXNativeTarget section */
		BA3754651F9F1968002C1888 /* 1024notification' */ = {
			isa = PBXNativeTarget;
			buildConfigurationList = BA3754781F9F1968002C1888 /* Build configuration list for PBXNativeTarget "1024notification'" */;
			buildPhases = (
				BA3754621F9F1968002C1888 /* Sources */,
				BA3754631F9F1968002C1888 /* Frameworks */,
				BA3754641F9F1968002C1888 /* Resources */,
			);
			buildRules = (
			);
			dependencies = (
			);
			name = "1024notification'";
			productName = "1024notification'";
			productReference = BA3754661F9F1968002C1888 /* 1024notification'.app */;
			productType = "com.apple.product-type.application";
		};
/* End PBXNativeTarget section */

/* Begin PBXProject section */
		BA37545E1F9F1968002C1888 /* Project object */ = {
			isa = PBXProject;
			attributes = {
				LastSwiftUpdateCheck = 0900;
				LastUpgradeCheck = 0900;
				ORGANIZATIONNAME = okkoung;
				TargetAttributes = {
					BA3754651F9F1968002C1888 = {
						CreatedOnToolsVersion = 9.0;
						ProvisioningStyle = Automatic;
					};
				};
			};
			buildConfigurationList = BA3754611F9F1968002C1888 /* Build configuration list for PBXProject "1024notification'" */;
			compatibilityVersion = "Xcode 8.0";
			developmentRegion = en;
			hasScannedForEncodings = 0;
			knownRegions = (
				en,
				Base,
			);
			mainGroup = BA37545D1F9F1968002C1888;
			productRefGroup = BA3754671F9F1968002C1888 /* Products */;
			projectDirPath = "";
			projectRoot = "";
			targets = (
				BA3754651F9F1968002C1888 /* 1024notification' */,
			);
		};
/* End PBXProject section */

/* Begin PBXResourcesBuildPhase section */
		BA3754641F9F1968002C1888 /* Resources */ = {
			isa = PBXResourcesBuildPhase;
			buildActionMask = 2147483647;
			files = (
				BA3754741F9F1968002C1888 /* LaunchScreen.storyboard in Resources */,
				BA3754711F9F1968002C1888 /* Assets.xcassets in Resources */,
				BA37546F1F9F1968002C1888 /* Main.storyboard in Resources */,
			);
			runOnlyForDeploymentPostprocessing = 0;
		};
/* End PBXResourcesBuildPhase section */

/* Begin PBXSourcesBuildPhase section */
		BA3754621F9F1968002C1888 /* Sources */ = {
			isa = PBXSourcesBuildPhase;
			buildActionMask = 2147483647;
			files = (
				BA37547C1F9F1A4F002C1888 /* SecondViewController.swift in Sources */,
				BA37546C1F9F1968002C1888 /* ViewController.swift in Sources */,
				BA37547E1F9F1A64002C1888 /* LastViewController.swift in Sources */,
				BA37546A1F9F1968002C1888 /* AppDelegate.swift in Sources */,
			);
			runOnlyForDeploymentPostprocessing = 0;
		};
/* End PBXSourcesBuildPhase section */

/* Begin PBXVariantGroup section */
		BA37546D1F9F1968002C1888 /* Main.storyboard */ = {
			isa = PBXVariantGroup;
			children = (
				BA37546E1F9F1968002C1888 /* Base */,
			);
			name = Main.storyboard;
			sourceTree = "<group>";
		};
		BA3754721F9F1968002C1888 /* LaunchScreen.storyboard */ = {
			isa = PBXVariantGroup;
			children = (
				BA3754731F9F1968002C1888 /* Base */,
			);
			name = LaunchScreen.storyboard;
			sourceTree = "<group>";
		};
/* End PBXVariantGroup section */

/* Begin XCBuildConfiguration section */
		BA3754761F9F1968002C1888 /* Debug */ = {
			isa = XCBuildConfiguration;
			buildSettings = {
				ALWAYS_SEARCH_USER_PATHS = NO;
				CLANG_ANALYZER_NONNULL = YES;
				CLANG_ANALYZER_NUMBER_OBJECT_CONVERSION = YES_AGGRESSIVE;
				CLANG_CXX_LANGUAGE_STANDARD = "gnu++14";
				CLANG_CXX_LIBRARY = "libc++";
				CLANG_ENABLE_MODULES = YES;
				CLANG_ENABLE_OBJC_ARC = YES;
				CLANG_WARN_BLOCK_CAPTURE_AUTORELEASING = YES;
				CLANG_WARN_BOOL_CONVERSION = YES;
				CLANG_WARN_COMMA = YES;
				CLANG_WARN_CONSTANT_CONVERSION = YES;
				CLANG_WARN_DIRECT_OBJC_ISA_USAGE = YES_ERROR;
				CLANG_WARN_DOCUMENTATION_COMMENTS = YES;
				CLANG_WARN_EMPTY_BODY = YES;
				CLANG_WARN_ENUM_CONVERSION = YES;
				CLANG_WARN_INFINITE_RECURSION = YES;
				CLANG_WARN_INT_CONVERSION = YES;
				CLANG_WARN_NON_LITERAL_NULL_CONVERSION = YES;
				CLANG_WARN_OBJC_LITERAL_CONVERSION = YES;
				CLANG_WARN_OBJC_ROOT_CLASS = YES_ERROR;
				CLANG_WARN_RANGE_LOOP_ANALYSIS = YES;
				CLANG_WARN_STRICT_PROTOTYPES = YES;
				CLANG_WARN_SUSPICIOUS_MOVE = YES;
				CLANG_WARN_UNGUARDED_AVAILABILITY = YES_AGGRESSIVE;
				CLANG_WARN_UNREACHABLE_CODE = YES;
				CLANG_WARN__DUPLICATE_METHOD_MATCH = YES;
				CODE_SIGN_IDENTITY = "iPhone Developer";
				COPY_PHASE_STRIP = NO;
				DEBUG_INFORMATION_FORMAT = dwarf;
				ENABLE_STRICT_OBJC_MSGSEND = YES;
				ENABLE_TESTABILITY = YES;
				GCC_C_LANGUAGE_STANDARD = gnu11;
				GCC_DYNAMIC_NO_PIC = NO;
				GCC_NO_COMMON_BLOCKS = YES;
				GCC_OPTIMIZATION_LEVEL = 0;
				GCC_PREPROCESSOR_DEFINITIONS = (
					"DEBUG=1",
					"$(inherited)",
				);
				GCC_WARN_64_TO_32_BIT_CONVERSION = YES;
				GCC_WARN_ABOUT_RETURN_TYPE = YES_ERROR;
				GCC_WARN_UNDECLARED_SELECTOR = YES;
				GCC_WARN_UNINITIALIZED_AUTOS = YES_AGGRESSIVE;
				GCC_WARN_UNUSED_FUNCTION = YES;
				GCC_WARN_UNUSED_VARIABLE = YES;
				IPHONEOS_DEPLOYMENT_TARGET = 11.0;
				MTL_ENABLE_DEBUG_INFO = YES;
				ONLY_ACTIVE_ARCH = YES;
				SDKROOT = iphoneos;
				SWIFT_ACTIVE_COMPILATION_CONDITIONS = DEBUG;
				SWIFT_OPTIMIZATION_LEVEL = "-Onone";
			};
			name = Debug;
		};
		BA3754771F9F1968002C1888 /* Release */ = {
			isa = XCBuildConfiguration;
			buildSettings = {
				ALWAYS_SEARCH_USER_PATHS = NO;
				CLANG_ANALYZER_NONNULL = YES;
				CLANG_ANALYZER_NUMBER_OBJECT_CONVERSION = YES_AGGRESSIVE;
				CLANG_CXX_LANGUAGE_STANDARD = "gnu++14";
				CLANG_CXX_LIBRARY = "libc++";
				CLANG_ENABLE_MODULES = YES;
				CLANG_ENABLE_OBJC_ARC = YES;
				CLANG_WARN_BLOCK_CAPTURE_AUTORELEASING = YES;
				CLANG_WARN_BOOL_CONVERSION = YES;
				CLANG_WARN_COMMA = YES;
				CLANG_WARN_CONSTANT_CONVERSION = YES;
				CLANG_WARN_DIRECT_OBJC_ISA_USAGE = YES_ERROR;
				CLANG_WARN_DOCUMENTATION_COMMENTS = YES;
				CLANG_WARN_EMPTY_BODY = YES;
				CLANG_WARN_ENUM_CONVERSION = YES;
				CLANG_WARN_INFINITE_RECURSION = YES;
				CLANG_WARN_INT_CONVERSION = YES;
				CLANG_WARN_NON_LITERAL_NULL_CONVERSION = YES;
				CLANG_WARN_OBJC_LITERAL_CONVERSION = YES;
				CLANG_WARN_OBJC_ROOT_CLASS = YES_ERROR;
				CLANG_WARN_RANGE_LOOP_ANALYSIS = YES;
				CLANG_WARN_STRICT_PROTOTYPES = YES;
				CLANG_WARN_SUSPICIOUS_MOVE = YES;
				CLANG_WARN_UNGUARDED_AVAILABILITY = YES_AGGRESSIVE;
				CLANG_WARN_UNREACHABLE_CODE = YES;
				CLANG_WARN__DUPLICATE_METHOD_MATCH = YES;
				CODE_SIGN_IDENTITY = "iPhone Developer";
				COPY_PHASE_STRIP = NO;
				DEBUG_INFORMATION_FORMAT = "dwarf-with-dsym";
				ENABLE_NS_ASSERTIONS = NO;
				ENABLE_STRICT_OBJC_MSGSEND = YES;
				GCC_C_LANGUAGE_STANDARD = gnu11;
				GCC_NO_COMMON_BLOCKS = YES;
				GCC_WARN_64_TO_32_BIT_CONVERSION = YES;
				GCC_WARN_ABOUT_RETURN_TYPE = YES_ERROR;
				GCC_WARN_UNDECLARED_SELECTOR = YES;
				GCC_WARN_UNINITIALIZED_AUTOS = YES_AGGRESSIVE;
				GCC_WARN_UNUSED_FUNCTION = YES;
				GCC_WARN_UNUSED_VARIABLE = YES;
				IPHONEOS_DEPLOYMENT_TARGET = 11.0;
				MTL_ENABLE_DEBUG_INFO = NO;
				SDKROOT = iphoneos;
				SWIFT_OPTIMIZATION_LEVEL = "-Owholemodule";
				VALIDATE_PRODUCT = YES;
			};
			name = Release;
		};
		BA3754791F9F1968002C1888 /* Debug */ = {
			isa = XCBuildConfiguration;
			buildSettings = {
				ASSETCATALOG_COMPILER_APPICON_NAME = AppIcon;
				CODE_SIGN_STYLE = Automatic;
				INFOPLIST_FILE = "1024notification'/Info.plist";
				LD_RUNPATH_SEARCH_PATHS = "$(inherited) @executable_path/Frameworks";
				PRODUCT_BUNDLE_IDENTIFIER = "com.jscschool.-024notification-";
				PRODUCT_NAME = "$(TARGET_NAME)";
				SWIFT_VERSION = 4.0;
				TARGETED_DEVICE_FAMILY = "1,2";
			};
			name = Debug;
		};
		BA37547A1F9F1968002C1888 /* Release */ = {
			isa = XCBuildConfiguration;
			buildSettings = {
				ASSETCATALOG_COMPILER_APPICON_NAME = AppIcon;
				CODE_SIGN_STYLE = Automatic;
				INFOPLIST_FILE = "1024notification'/Info.plist";
				LD_RUNPATH_SEARCH_PATHS = "$(inherited) @executable_path/Frameworks";
				PRODUCT_BUNDLE_IDENTIFIER = "com.jscschool.-024notification-";
				PRODUCT_NAME = "$(TARGET_NAME)";
				SWIFT_VERSION = 4.0;
				TARGETED_DEVICE_FAMILY = "1,2";
			};
			name = Release;
		};
/* End XCBuildConfiguration section */

/* Begin XCConfigurationList section */
		BA3754611F9F1968002C1888 /* Build configuration list for PBXProject "1024notification'" */ = {
			isa = XCConfigurationList;
			buildConfigurations = (
				BA3754761F9F1968002C1888 /* Debug */,
				BA3754771F9F1968002C1888 /* Release */,
			);
			defaultConfigurationIsVisible = 0;
			defaultConfigurationName = Release;
		};
		BA3754781F9F1968002C1888 /* Build configuration list for PBXNativeTarget "1024notification'" */ = {
			isa = XCConfigurationList;
			buildConfigurations = (
				BA3754791F9F1968002C1888 /* Debug */,
				BA37547A1F9F1968002C1888 /* Release */,
			);
			defaultConfigurationIsVisible = 0;
			defaultConfigurationName = Release;
		};
/* End XCConfigurationList section */
	};
	rootObject = BA37545E1F9F1968002C1888 /* Project object */;
}
