// !$*UTF8*$!
{
	archiveVersion = 1;
	classes = {
	};
	objectVersion = 48;
	objects = {

/* Begin PBXBuildFile section */
		BA8258C51F8EFD3000F487FB /* AppDelegate.swift in Sources */ = {isa = PBXBuildFile; fileRef = BA8258C41F8EFD3000F487FB /* AppDelegate.swift */; };
		BA8258C71F8EFD3000F487FB /* ViewController.swift in Sources */ = {isa = PBXBuildFile; fileRef = BA8258C61F8EFD3000F487FB /* ViewController.swift */; };
		BA8258CA1F8EFD3000F487FB /* Main.storyboard in Resources */ = {isa = PBXBuildFile; fileRef = BA8258C81F8EFD3000F487FB /* Main.storyboard */; };
		BA8258CC1F8EFD3000F487FB /* Assets.xcassets in Resources */ = {isa = PBXBuildFile; fileRef = BA8258CB1F8EFD3000F487FB /* Assets.xcassets */; };
		BA8258CF1F8EFD3000F487FB /* LaunchScreen.storyboard in Resources */ = {isa = PBXBuildFile; fileRef = BA8258CD1F8EFD3000F487FB /* LaunchScreen.storyboard */; };
		BA8258D71F8EFD4500F487FB /* CustomView.swift in Sources */ = {isa = PBXBuildFile; fileRef = BA8258D61F8EFD4500F487FB /* CustomView.swift */; };
/* End PBXBuildFile section */

/* Begin PBXFileReference section */
		BA8258C11F8EFD3000F487FB /* Delegate.app */ = {isa = PBXFileReference; explicitFileType = wrapper.application; includeInIndex = 0; path = Delegate.app; sourceTree = BUILT_PRODUCTS_DIR; };
		BA8258C41F8EFD3000F487FB /* AppDelegate.swift */ = {isa = PBXFileReference; lastKnownFileType = sourcecode.swift; path = AppDelegate.swift; sourceTree = "<group>"; };
		BA8258C61F8EFD3000F487FB /* ViewController.swift */ = {isa = PBXFileReference; lastKnownFileType = sourcecode.swift; path = ViewController.swift; sourceTree = "<group>"; };
		BA8258C91F8EFD3000F487FB /* Base */ = {isa = PBXFileReference; lastKnownFileType = file.storyboard; name = Base; path = Base.lproj/Main.storyboard; sourceTree = "<group>"; };
		BA8258CB1F8EFD3000F487FB /* Assets.xcassets */ = {isa = PBXFileReference; lastKnownFileType = folder.assetcatalog; path = Assets.xcassets; sourceTree = "<group>"; };
		BA8258CE1F8EFD3000F487FB /* Base */ = {isa = PBXFileReference; lastKnownFileType = file.storyboard; name = Base; path = Base.lproj/LaunchScreen.storyboard; sourceTree = "<group>"; };
		BA8258D01F8EFD3000F487FB /* Info.plist */ = {isa = PBXFileReference; lastKnownFileType = text.plist.xml; path = Info.plist; sourceTree = "<group>"; };
		BA8258D61F8EFD4500F487FB /* CustomView.swift */ = {isa = PBXFileReference; lastKnownFileType = sourcecode.swift; path = CustomView.swift; sourceTree = "<group>"; };
/* End PBXFileReference section */

/* Begin PBXFrameworksBuildPhase section */
		BA8258BE1F8EFD3000F487FB /* Frameworks */ = {
			isa = PBXFrameworksBuildPhase;
			buildActionMask = 2147483647;
			files = (
			);
			runOnlyForDeploymentPostprocessing = 0;
		};
/* End PBXFrameworksBuildPhase section */

/* Begin PBXGroup section */
		BA8258B81F8EFD3000F487FB = {
			isa = PBXGroup;
			children = (
				BA8258C31F8EFD3000F487FB /* Delegate */,
				BA8258C21F8EFD3000F487FB /* Products */,
			);
			sourceTree = "<group>";
		};
		BA8258C21F8EFD3000F487FB /* Products */ = {
			isa = PBXGroup;
			children = (
				BA8258C11F8EFD3000F487FB /* Delegate.app */,
			);
			name = Products;
			sourceTree = "<group>";
		};
		BA8258C31F8EFD3000F487FB /* Delegate */ = {
			isa = PBXGroup;
			children = (
				BA8258C41F8EFD3000F487FB /* AppDelegate.swift */,
				BA8258C61F8EFD3000F487FB /* ViewController.swift */,
				BA8258D61F8EFD4500F487FB /* CustomView.swift */,
				BA8258C81F8EFD3000F487FB /* Main.storyboard */,
				BA8258CB1F8EFD3000F487FB /* Assets.xcassets */,
				BA8258CD1F8EFD3000F487FB /* LaunchScreen.storyboard */,
				BA8258D01F8EFD3000F487FB /* Info.plist */,
			);
			path = Delegate;
			sourceTree = "<group>";
		};
/* End PBXGroup section */

/* Begin PBXNativeTarget section */
		BA8258C01F8EFD3000F487FB /* Delegate */ = {
			isa = PBXNativeTarget;
			buildConfigurationList = BA8258D31F8EFD3000F487FB /* Build configuration list for PBXNativeTarget "Delegate" */;
			buildPhases = (
				BA8258BD1F8EFD3000F487FB /* Sources */,
				BA8258BE1F8EFD3000F487FB /* Frameworks */,
				BA8258BF1F8EFD3000F487FB /* Resources */,
			);
			buildRules = (
			);
			dependencies = (
			);
			name = Delegate;
			productName = Delegate;
			productReference = BA8258C11F8EFD3000F487FB /* Delegate.app */;
			productType = "com.apple.product-type.application";
		};
/* End PBXNativeTarget section */

/* Begin PBXProject section */
		BA8258B91F8EFD3000F487FB /* Project object */ = {
			isa = PBXProject;
			attributes = {
				LastSwiftUpdateCheck = 0900;
				LastUpgradeCheck = 0900;
				ORGANIZATIONNAME = okkoung;
				TargetAttributes = {
					BA8258C01F8EFD3000F487FB = {
						CreatedOnToolsVersion = 9.0;
						ProvisioningStyle = Automatic;
					};
				};
			};
			buildConfigurationList = BA8258BC1F8EFD3000F487FB /* Build configuration list for PBXProject "Delegate" */;
			compatibilityVersion = "Xcode 8.0";
			developmentRegion = en;
			hasScannedForEncodings = 0;
			knownRegions = (
				en,
				Base,
			);
			mainGroup = BA8258B81F8EFD3000F487FB;
			productRefGroup = BA8258C21F8EFD3000F487FB /* Products */;
			projectDirPath = "";
			projectRoot = "";
			targets = (
				BA8258C01F8EFD3000F487FB /* Delegate */,
			);
		};
/* End PBXProject section */

/* Begin PBXResourcesBuildPhase section */
		BA8258BF1F8EFD3000F487FB /* Resources */ = {
			isa = PBXResourcesBuildPhase;
			buildActionMask = 2147483647;
			files = (
				BA8258CF1F8EFD3000F487FB /* LaunchScreen.storyboard in Resources */,
				BA8258CC1F8EFD3000F487FB /* Assets.xcassets in Resources */,
				BA8258CA1F8EFD3000F487FB /* Main.storyboard in Resources */,
			);
			runOnlyForDeploymentPostprocessing = 0;
		};
/* End PBXResourcesBuildPhase section */

/* Begin PBXSourcesBuildPhase section */
		BA8258BD1F8EFD3000F487FB /* Sources */ = {
			isa = PBXSourcesBuildPhase;
			buildActionMask = 2147483647;
			files = (
				BA8258D71F8EFD4500F487FB /* CustomView.swift in Sources */,
				BA8258C71F8EFD3000F487FB /* ViewController.swift in Sources */,
				BA8258C51F8EFD3000F487FB /* AppDelegate.swift in Sources */,
			);
			runOnlyForDeploymentPostprocessing = 0;
		};
/* End PBXSourcesBuildPhase section */

/* Begin PBXVariantGroup section */
		BA8258C81F8EFD3000F487FB /* Main.storyboard */ = {
			isa = PBXVariantGroup;
			children = (
				BA8258C91F8EFD3000F487FB /* Base */,
			);
			name = Main.storyboard;
			sourceTree = "<group>";
		};
		BA8258CD1F8EFD3000F487FB /* LaunchScreen.storyboard */ = {
			isa = PBXVariantGroup;
			children = (
				BA8258CE1F8EFD3000F487FB /* Base */,
			);
			name = LaunchScreen.storyboard;
			sourceTree = "<group>";
		};
/* End PBXVariantGroup section */

/* Begin XCBuildConfiguration section */
		BA8258D11F8EFD3000F487FB /* Debug */ = {
			isa = XCBuildConfiguration;
			buildSettings = {
				ALWAYS_SEARCH_USER_PATHS = NO;
				CLANG_ANALYZER_NONNULL = YES;
				CLANG_ANALYZER_NUMBER_OBJECT_CONVERSION = YES_AGGRESSIVE;
				CLANG_CXX_LANGUAGE_STANDARD = "gnu++14";
				CLANG_CXX_LIBRARY = "libc++";
				CLANG_ENABLE_MODULES = YES;
				CLANG_ENABLE_OBJC_ARC = YES;
				CLANG_WARN_BLOCK_CAPTURE_AUTORELEASING = YES;
				CLANG_WARN_BOOL_CONVERSION = YES;
				CLANG_WARN_COMMA = YES;
				CLANG_WARN_CONSTANT_CONVERSION = YES;
				CLANG_WARN_DIRECT_OBJC_ISA_USAGE = YES_ERROR;
				CLANG_WARN_DOCUMENTATION_COMMENTS = YES;
				CLANG_WARN_EMPTY_BODY = YES;
				CLANG_WARN_ENUM_CONVERSION = YES;
				CLANG_WARN_INFINITE_RECURSION = YES;
				CLANG_WARN_INT_CONVERSION = YES;
				CLANG_WARN_NON_LITERAL_NULL_CONVERSION = YES;
				CLANG_WARN_OBJC_LITERAL_CONVERSION = YES;
				CLANG_WARN_OBJC_ROOT_CLASS = YES_ERROR;
				CLANG_WARN_RANGE_LOOP_ANALYSIS = YES;
				CLANG_WARN_STRICT_PROTOTYPES = YES;
				CLANG_WARN_SUSPICIOUS_MOVE = YES;
				CLANG_WARN_UNGUARDED_AVAILABILITY = YES_AGGRESSIVE;
				CLANG_WARN_UNREACHABLE_CODE = YES;
				CLANG_WARN__DUPLICATE_METHOD_MATCH = YES;
				CODE_SIGN_IDENTITY = "iPhone Developer";
				COPY_PHASE_STRIP = NO;
				DEBUG_INFORMATION_FORMAT = dwarf;
				ENABLE_STRICT_OBJC_MSGSEND = YES;
				ENABLE_TESTABILITY = YES;
				GCC_C_LANGUAGE_STANDARD = gnu11;
				GCC_DYNAMIC_NO_PIC = NO;
				GCC_NO_COMMON_BLOCKS = YES;
				GCC_OPTIMIZATION_LEVEL = 0;
				GCC_PREPROCESSOR_DEFINITIONS = (
					"DEBUG=1",
					"$(inherited)",
				);
				GCC_WARN_64_TO_32_BIT_CONVERSION = YES;
				GCC_WARN_ABOUT_RETURN_TYPE = YES_ERROR;
				GCC_WARN_UNDECLARED_SELECTOR = YES;
				GCC_WARN_UNINITIALIZED_AUTOS = YES_AGGRESSIVE;
				GCC_WARN_UNUSED_FUNCTION = YES;
				GCC_WARN_UNUSED_VARIABLE = YES;
				IPHONEOS_DEPLOYMENT_TARGET = 11.0;
				MTL_ENABLE_DEBUG_INFO = YES;
				ONLY_ACTIVE_ARCH = YES;
				SDKROOT = iphoneos;
				SWIFT_ACTIVE_COMPILATION_CONDITIONS = DEBUG;
				SWIFT_OPTIMIZATION_LEVEL = "-Onone";
			};
			name = Debug;
		};
		BA8258D21F8EFD3000F487FB /* Release */ = {
			isa = XCBuildConfiguration;
			buildSettings = {
				ALWAYS_SEARCH_USER_PATHS = NO;
				CLANG_ANALYZER_NONNULL = YES;
				CLANG_ANALYZER_NUMBER_OBJECT_CONVERSION = YES_AGGRESSIVE;
				CLANG_CXX_LANGUAGE_STANDARD = "gnu++14";
				CLANG_CXX_LIBRARY = "libc++";
				CLANG_ENABLE_MODULES = YES;
				CLANG_ENABLE_OBJC_ARC = YES;
				CLANG_WARN_BLOCK_CAPTURE_AUTORELEASING = YES;
				CLANG_WARN_BOOL_CONVERSION = YES;
				CLANG_WARN_COMMA = YES;
				CLANG_WARN_CONSTANT_CONVERSION = YES;
				CLANG_WARN_DIRECT_OBJC_ISA_USAGE = YES_ERROR;
				CLANG_WARN_DOCUMENTATION_COMMENTS = YES;
				CLANG_WARN_EMPTY_BODY = YES;
				CLANG_WARN_ENUM_CONVERSION = YES;
				CLANG_WARN_INFINITE_RECURSION = YES;
				CLANG_WARN_INT_CONVERSION = YES;
				CLANG_WARN_NON_LITERAL_NULL_CONVERSION = YES;
				CLANG_WARN_OBJC_LITERAL_CONVERSION = YES;
				CLANG_WARN_OBJC_ROOT_CLASS = YES_ERROR;
				CLANG_WARN_RANGE_LOOP_ANALYSIS = YES;
				CLANG_WARN_STRICT_PROTOTYPES = YES;
				CLANG_WARN_SUSPICIOUS_MOVE = YES;
				CLANG_WARN_UNGUARDED_AVAILABILITY = YES_AGGRESSIVE;
				CLANG_WARN_UNREACHABLE_CODE = YES;
				CLANG_WARN__DUPLICATE_METHOD_MATCH = YES;
				CODE_SIGN_IDENTITY = "iPhone Developer";
				COPY_PHASE_STRIP = NO;
				DEBUG_INFORMATION_FORMAT = "dwarf-with-dsym";
				ENABLE_NS_ASSERTIONS = NO;
				ENABLE_STRICT_OBJC_MSGSEND = YES;
				GCC_C_LANGUAGE_STANDARD = gnu11;
				GCC_NO_COMMON_BLOCKS = YES;
				GCC_WARN_64_TO_32_BIT_CONVERSION = YES;
				GCC_WARN_ABOUT_RETURN_TYPE = YES_ERROR;
				GCC_WARN_UNDECLARED_SELECTOR = YES;
				GCC_WARN_UNINITIALIZED_AUTOS = YES_AGGRESSIVE;
				GCC_WARN_UNUSED_FUNCTION = YES;
				GCC_WARN_UNUSED_VARIABLE = YES;
				IPHONEOS_DEPLOYMENT_TARGET = 11.0;
				MTL_ENABLE_DEBUG_INFO = NO;
				SDKROOT = iphoneos;
				SWIFT_OPTIMIZATION_LEVEL = "-Owholemodule";
				VALIDATE_PRODUCT = YES;
			};
			name = Release;
		};
		BA8258D41F8EFD3000F487FB /* Debug */ = {
			isa = XCBuildConfiguration;
			buildSettings = {
				ASSETCATALOG_COMPILER_APPICON_NAME = AppIcon;
				CODE_SIGN_STYLE = Automatic;
				INFOPLIST_FILE = Delegate/Info.plist;
				LD_RUNPATH_SEARCH_PATHS = "$(inherited) @executable_path/Frameworks";
				PRODUCT_BUNDLE_IDENTIFIER = com.jscschool.Delegate;
				PRODUCT_NAME = "$(TARGET_NAME)";
				SWIFT_VERSION = 4.0;
				TARGETED_DEVICE_FAMILY = "1,2";
			};
			name = Debug;
		};
		BA8258D51F8EFD3000F487FB /* Release */ = {
			isa = XCBuildConfiguration;
			buildSettings = {
				ASSETCATALOG_COMPILER_APPICON_NAME = AppIcon;
				CODE_SIGN_STYLE = Automatic;
				INFOPLIST_FILE = Delegate/Info.plist;
				LD_RUNPATH_SEARCH_PATHS = "$(inherited) @executable_path/Frameworks";
				PRODUCT_BUNDLE_IDENTIFIER = com.jscschool.Delegate;
				PRODUCT_NAME = "$(TARGET_NAME)";
				SWIFT_VERSION = 4.0;
				TARGETED_DEVICE_FAMILY = "1,2";
			};
			name = Release;
		};
/* End XCBuildConfiguration section */

/* Begin XCConfigurationList section */
		BA8258BC1F8EFD3000F487FB /* Build configuration list for PBXProject "Delegate" */ = {
			isa = XCConfigurationList;
			buildConfigurations = (
				BA8258D11F8EFD3000F487FB /* Debug */,
				BA8258D21F8EFD3000F487FB /* Release */,
			);
			defaultConfigurationIsVisible = 0;
			defaultConfigurationName = Release;
		};
		BA8258D31F8EFD3000F487FB /* Build configuration list for PBXNativeTarget "Delegate" */ = {
			isa = XCConfigurationList;
			buildConfigurations = (
				BA8258D41F8EFD3000F487FB /* Debug */,
				BA8258D51F8EFD3000F487FB /* Release */,
			);
			defaultConfigurationIsVisible = 0;
			defaultConfigurationName = Release;
		};
/* End XCConfigurationList section */
	};
	rootObject = BA8258B91F8EFD3000F487FB /* Project object */;
}
