// !$*UTF8*$!
{
	archiveVersion = 1;
	classes = {
	};
	objectVersion = 48;
	objects = {

/* Begin PBXBuildFile section */
		BA3023C21FA1806800884FF0 /* AppDelegate.swift in Sources */ = {isa = PBXBuildFile; fileRef = BA3023C11FA1806800884FF0 /* AppDelegate.swift */; };
		BA3023C41FA1806800884FF0 /* ViewController.swift in Sources */ = {isa = PBXBuildFile; fileRef = BA3023C31FA1806800884FF0 /* ViewController.swift */; };
		BA3023C71FA1806800884FF0 /* Main.storyboard in Resources */ = {isa = PBXBuildFile; fileRef = BA3023C51FA1806800884FF0 /* Main.storyboard */; };
		BA3023C91FA1806800884FF0 /* Assets.xcassets in Resources */ = {isa = PBXBuildFile; fileRef = BA3023C81FA1806800884FF0 /* Assets.xcassets */; };
		BA3023CC1FA1806800884FF0 /* LaunchScreen.storyboard in Resources */ = {isa = PBXBuildFile; fileRef = BA3023CA1FA1806800884FF0 /* LaunchScreen.storyboard */; };
		BA3023D41FA1838400884FF0 /* CollectionViewController.swift in Sources */ = {isa = PBXBuildFile; fileRef = BA3023D31FA1838400884FF0 /* CollectionViewController.swift */; };
		BA3023D61FA1854B00884FF0 /* AnimalCollectionViewCell.swift in Sources */ = {isa = PBXBuildFile; fileRef = BA3023D51FA1854B00884FF0 /* AnimalCollectionViewCell.swift */; };
/* End PBXBuildFile section */

/* Begin PBXFileReference section */
		BA3023BE1FA1806800884FF0 /* CollectionViewUIViewController.app */ = {isa = PBXFileReference; explicitFileType = wrapper.application; includeInIndex = 0; path = CollectionViewUIViewController.app; sourceTree = BUILT_PRODUCTS_DIR; };
		BA3023C11FA1806800884FF0 /* AppDelegate.swift */ = {isa = PBXFileReference; lastKnownFileType = sourcecode.swift; path = AppDelegate.swift; sourceTree = "<group>"; };
		BA3023C31FA1806800884FF0 /* ViewController.swift */ = {isa = PBXFileReference; lastKnownFileType = sourcecode.swift; path = ViewController.swift; sourceTree = "<group>"; };
		BA3023C61FA1806800884FF0 /* Base */ = {isa = PBXFileReference; lastKnownFileType = file.storyboard; name = Base; path = Base.lproj/Main.storyboard; sourceTree = "<group>"; };
		BA3023C81FA1806800884FF0 /* Assets.xcassets */ = {isa = PBXFileReference; lastKnownFileType = folder.assetcatalog; path = Assets.xcassets; sourceTree = "<group>"; };
		BA3023CB1FA1806800884FF0 /* Base */ = {isa = PBXFileReference; lastKnownFileType = file.storyboard; name = Base; path = Base.lproj/LaunchScreen.storyboard; sourceTree = "<group>"; };
		BA3023CD1FA1806800884FF0 /* Info.plist */ = {isa = PBXFileReference; lastKnownFileType = text.plist.xml; path = Info.plist; sourceTree = "<group>"; };
		BA3023D31FA1838400884FF0 /* CollectionViewController.swift */ = {isa = PBXFileReference; lastKnownFileType = sourcecode.swift; path = CollectionViewController.swift; sourceTree = "<group>"; };
		BA3023D51FA1854B00884FF0 /* AnimalCollectionViewCell.swift */ = {isa = PBXFileReference; lastKnownFileType = sourcecode.swift; path = AnimalCollectionViewCell.swift; sourceTree = "<group>"; };
/* End PBXFileReference section */

/* Begin PBXFrameworksBuildPhase section */
		BA3023BB1FA1806800884FF0 /* Frameworks */ = {
			isa = PBXFrameworksBuildPhase;
			buildActionMask = 2147483647;
			files = (
			);
			runOnlyForDeploymentPostprocessing = 0;
		};
/* End PBXFrameworksBuildPhase section */

/* Begin PBXGroup section */
		BA3023B51FA1806800884FF0 = {
			isa = PBXGroup;
			children = (
				BA3023C01FA1806800884FF0 /* CollectionViewUIViewController */,
				BA3023BF1FA1806800884FF0 /* Products */,
			);
			sourceTree = "<group>";
		};
		BA3023BF1FA1806800884FF0 /* Products */ = {
			isa = PBXGroup;
			children = (
				BA3023BE1FA1806800884FF0 /* CollectionViewUIViewController.app */,
			);
			name = Products;
			sourceTree = "<group>";
		};
		BA3023C01FA1806800884FF0 /* CollectionViewUIViewController */ = {
			isa = PBXGroup;
			children = (
				BA3023C11FA1806800884FF0 /* AppDelegate.swift */,
				BA3023C31FA1806800884FF0 /* ViewController.swift */,
				BA3023C51FA1806800884FF0 /* Main.storyboard */,
				BA3023D31FA1838400884FF0 /* CollectionViewController.swift */,
				BA3023D51FA1854B00884FF0 /* AnimalCollectionViewCell.swift */,
				BA3023C81FA1806800884FF0 /* Assets.xcassets */,
				BA3023CA1FA1806800884FF0 /* LaunchScreen.storyboard */,
				BA3023CD1FA1806800884FF0 /* Info.plist */,
			);
			path = CollectionViewUIViewController;
			sourceTree = "<group>";
		};
/* End PBXGroup section */

/* Begin PBXNativeTarget section */
		BA3023BD1FA1806800884FF0 /* CollectionViewUIViewController */ = {
			isa = PBXNativeTarget;
			buildConfigurationList = BA3023D01FA1806800884FF0 /* Build configuration list for PBXNativeTarget "CollectionViewUIViewController" */;
			buildPhases = (
				BA3023BA1FA1806800884FF0 /* Sources */,
				BA3023BB1FA1806800884FF0 /* Frameworks */,
				BA3023BC1FA1806800884FF0 /* Resources */,
			);
			buildRules = (
			);
			dependencies = (
			);
			name = CollectionViewUIViewController;
			productName = CollectionViewUIViewController;
			productReference = BA3023BE1FA1806800884FF0 /* CollectionViewUIViewController.app */;
			productType = "com.apple.product-type.application";
		};
/* End PBXNativeTarget section */

/* Begin PBXProject section */
		BA3023B61FA1806800884FF0 /* Project object */ = {
			isa = PBXProject;
			attributes = {
				LastSwiftUpdateCheck = 0900;
				LastUpgradeCheck = 0900;
				ORGANIZATIONNAME = okkoung;
				TargetAttributes = {
					BA3023BD1FA1806800884FF0 = {
						CreatedOnToolsVersion = 9.0.1;
						ProvisioningStyle = Automatic;
					};
				};
			};
			buildConfigurationList = BA3023B91FA1806800884FF0 /* Build configuration list for PBXProject "CollectionViewUIViewController" */;
			compatibilityVersion = "Xcode 8.0";
			developmentRegion = en;
			hasScannedForEncodings = 0;
			knownRegions = (
				en,
				Base,
			);
			mainGroup = BA3023B51FA1806800884FF0;
			productRefGroup = BA3023BF1FA1806800884FF0 /* Products */;
			projectDirPath = "";
			projectRoot = "";
			targets = (
				BA3023BD1FA1806800884FF0 /* CollectionViewUIViewController */,
			);
		};
/* End PBXProject section */

/* Begin PBXResourcesBuildPhase section */
		BA3023BC1FA1806800884FF0 /* Resources */ = {
			isa = PBXResourcesBuildPhase;
			buildActionMask = 2147483647;
			files = (
				BA3023CC1FA1806800884FF0 /* LaunchScreen.storyboard in Resources */,
				BA3023C91FA1806800884FF0 /* Assets.xcassets in Resources */,
				BA3023C71FA1806800884FF0 /* Main.storyboard in Resources */,
			);
			runOnlyForDeploymentPostprocessing = 0;
		};
/* End PBXResourcesBuildPhase section */

/* Begin PBXSourcesBuildPhase section */
		BA3023BA1FA1806800884FF0 /* Sources */ = {
			isa = PBXSourcesBuildPhase;
			buildActionMask = 2147483647;
			files = (
				BA3023D41FA1838400884FF0 /* CollectionViewController.swift in Sources */,
				BA3023C41FA1806800884FF0 /* ViewController.swift in Sources */,
				BA3023D61FA1854B00884FF0 /* AnimalCollectionViewCell.swift in Sources */,
				BA3023C21FA1806800884FF0 /* AppDelegate.swift in Sources */,
			);
			runOnlyForDeploymentPostprocessing = 0;
		};
/* End PBXSourcesBuildPhase section */

/* Begin PBXVariantGroup section */
		BA3023C51FA1806800884FF0 /* Main.storyboard */ = {
			isa = PBXVariantGroup;
			children = (
				BA3023C61FA1806800884FF0 /* Base */,
			);
			name = Main.storyboard;
			sourceTree = "<group>";
		};
		BA3023CA1FA1806800884FF0 /* LaunchScreen.storyboard */ = {
			isa = PBXVariantGroup;
			children = (
				BA3023CB1FA1806800884FF0 /* Base */,
			);
			name = LaunchScreen.storyboard;
			sourceTree = "<group>";
		};
/* End PBXVariantGroup section */

/* Begin XCBuildConfiguration section */
		BA3023CE1FA1806800884FF0 /* Debug */ = {
			isa = XCBuildConfiguration;
			buildSettings = {
				ALWAYS_SEARCH_USER_PATHS = NO;
				CLANG_ANALYZER_NONNULL = YES;
				CLANG_ANALYZER_NUMBER_OBJECT_CONVERSION = YES_AGGRESSIVE;
				CLANG_CXX_LANGUAGE_STANDARD = "gnu++14";
				CLANG_CXX_LIBRARY = "libc++";
				CLANG_ENABLE_MODULES = YES;
				CLANG_ENABLE_OBJC_ARC = YES;
				CLANG_WARN_BLOCK_CAPTURE_AUTORELEASING = YES;
				CLANG_WARN_BOOL_CONVERSION = YES;
				CLANG_WARN_COMMA = YES;
				CLANG_WARN_CONSTANT_CONVERSION = YES;
				CLANG_WARN_DIRECT_OBJC_ISA_USAGE = YES_ERROR;
				CLANG_WARN_DOCUMENTATION_COMMENTS = YES;
				CLANG_WARN_EMPTY_BODY = YES;
				CLANG_WARN_ENUM_CONVERSION = YES;
				CLANG_WARN_INFINITE_RECURSION = YES;
				CLANG_WARN_INT_CONVERSION = YES;
				CLANG_WARN_NON_LITERAL_NULL_CONVERSION = YES;
				CLANG_WARN_OBJC_LITERAL_CONVERSION = YES;
				CLANG_WARN_OBJC_ROOT_CLASS = YES_ERROR;
				CLANG_WARN_RANGE_LOOP_ANALYSIS = YES;
				CLANG_WARN_STRICT_PROTOTYPES = YES;
				CLANG_WARN_SUSPICIOUS_MOVE = YES;
				CLANG_WARN_UNGUARDED_AVAILABILITY = YES_AGGRESSIVE;
				CLANG_WARN_UNREACHABLE_CODE = YES;
				CLANG_WARN__DUPLICATE_METHOD_MATCH = YES;
				CODE_SIGN_IDENTITY = "iPhone Developer";
				COPY_PHASE_STRIP = NO;
				DEBUG_INFORMATION_FORMAT = dwarf;
				ENABLE_STRICT_OBJC_MSGSEND = YES;
				ENABLE_TESTABILITY = YES;
				GCC_C_LANGUAGE_STANDARD = gnu11;
				GCC_DYNAMIC_NO_PIC = NO;
				GCC_NO_COMMON_BLOCKS = YES;
				GCC_OPTIMIZATION_LEVEL = 0;
				GCC_PREPROCESSOR_DEFINITIONS = (
					"DEBUG=1",
					"$(inherited)",
				);
				GCC_WARN_64_TO_32_BIT_CONVERSION = YES;
				GCC_WARN_ABOUT_RETURN_TYPE = YES_ERROR;
				GCC_WARN_UNDECLARED_SELECTOR = YES;
				GCC_WARN_UNINITIALIZED_AUTOS = YES_AGGRESSIVE;
				GCC_WARN_UNUSED_FUNCTION = YES;
				GCC_WARN_UNUSED_VARIABLE = YES;
				IPHONEOS_DEPLOYMENT_TARGET = 11.0;
				MTL_ENABLE_DEBUG_INFO = YES;
				ONLY_ACTIVE_ARCH = YES;
				SDKROOT = iphoneos;
				SWIFT_ACTIVE_COMPILATION_CONDITIONS = DEBUG;
				SWIFT_OPTIMIZATION_LEVEL = "-Onone";
			};
			name = Debug;
		};
		BA3023CF1FA1806800884FF0 /* Release */ = {
			isa = XCBuildConfiguration;
			buildSettings = {
				ALWAYS_SEARCH_USER_PATHS = NO;
				CLANG_ANALYZER_NONNULL = YES;
				CLANG_ANALYZER_NUMBER_OBJECT_CONVERSION = YES_AGGRESSIVE;
				CLANG_CXX_LANGUAGE_STANDARD = "gnu++14";
				CLANG_CXX_LIBRARY = "libc++";
				CLANG_ENABLE_MODULES = YES;
				CLANG_ENABLE_OBJC_ARC = YES;
				CLANG_WARN_BLOCK_CAPTURE_AUTORELEASING = YES;
				CLANG_WARN_BOOL_CONVERSION = YES;
				CLANG_WARN_COMMA = YES;
				CLANG_WARN_CONSTANT_CONVERSION = YES;
				CLANG_WARN_DIRECT_OBJC_ISA_USAGE = YES_ERROR;
				CLANG_WARN_DOCUMENTATION_COMMENTS = YES;
				CLANG_WARN_EMPTY_BODY = YES;
				CLANG_WARN_ENUM_CONVERSION = YES;
				CLANG_WARN_INFINITE_RECURSION = YES;
				CLANG_WARN_INT_CONVERSION = YES;
				CLANG_WARN_NON_LITERAL_NULL_CONVERSION = YES;
				CLANG_WARN_OBJC_LITERAL_CONVERSION = YES;
				CLANG_WARN_OBJC_ROOT_CLASS = YES_ERROR;
				CLANG_WARN_RANGE_LOOP_ANALYSIS = YES;
				CLANG_WARN_STRICT_PROTOTYPES = YES;
				CLANG_WARN_SUSPICIOUS_MOVE = YES;
				CLANG_WARN_UNGUARDED_AVAILABILITY = YES_AGGRESSIVE;
				CLANG_WARN_UNREACHABLE_CODE = YES;
				CLANG_WARN__DUPLICATE_METHOD_MATCH = YES;
				CODE_SIGN_IDENTITY = "iPhone Developer";
				COPY_PHASE_STRIP = NO;
				DEBUG_INFORMATION_FORMAT = "dwarf-with-dsym";
				ENABLE_NS_ASSERTIONS = NO;
				ENABLE_STRICT_OBJC_MSGSEND = YES;
				GCC_C_LANGUAGE_STANDARD = gnu11;
				GCC_NO_COMMON_BLOCKS = YES;
				GCC_WARN_64_TO_32_BIT_CONVERSION = YES;
				GCC_WARN_ABOUT_RETURN_TYPE = YES_ERROR;
				GCC_WARN_UNDECLARED_SELECTOR = YES;
				GCC_WARN_UNINITIALIZED_AUTOS = YES_AGGRESSIVE;
				GCC_WARN_UNUSED_FUNCTION = YES;
				GCC_WARN_UNUSED_VARIABLE = YES;
				IPHONEOS_DEPLOYMENT_TARGET = 11.0;
				MTL_ENABLE_DEBUG_INFO = NO;
				SDKROOT = iphoneos;
				SWIFT_OPTIMIZATION_LEVEL = "-Owholemodule";
				VALIDATE_PRODUCT = YES;
			};
			name = Release;
		};
		BA3023D11FA1806800884FF0 /* Debug */ = {
			isa = XCBuildConfiguration;
			buildSettings = {
				ASSETCATALOG_COMPILER_APPICON_NAME = AppIcon;
				CODE_SIGN_STYLE = Automatic;
				INFOPLIST_FILE = CollectionViewUIViewController/Info.plist;
				LD_RUNPATH_SEARCH_PATHS = "$(inherited) @executable_path/Frameworks";
				PRODUCT_BUNDLE_IDENTIFIER = com.jscschool.CollectionViewUIViewController;
				PRODUCT_NAME = "$(TARGET_NAME)";
				SWIFT_VERSION = 4.0;
				TARGETED_DEVICE_FAMILY = "1,2";
			};
			name = Debug;
		};
		BA3023D21FA1806800884FF0 /* Release */ = {
			isa = XCBuildConfiguration;
			buildSettings = {
				ASSETCATALOG_COMPILER_APPICON_NAME = AppIcon;
				CODE_SIGN_STYLE = Automatic;
				INFOPLIST_FILE = CollectionViewUIViewController/Info.plist;
				LD_RUNPATH_SEARCH_PATHS = "$(inherited) @executable_path/Frameworks";
				PRODUCT_BUNDLE_IDENTIFIER = com.jscschool.CollectionViewUIViewController;
				PRODUCT_NAME = "$(TARGET_NAME)";
				SWIFT_VERSION = 4.0;
				TARGETED_DEVICE_FAMILY = "1,2";
			};
			name = Release;
		};
/* End XCBuildConfiguration section */

/* Begin XCConfigurationList section */
		BA3023B91FA1806800884FF0 /* Build configuration list for PBXProject "CollectionViewUIViewController" */ = {
			isa = XCConfigurationList;
			buildConfigurations = (
				BA3023CE1FA1806800884FF0 /* Debug */,
				BA3023CF1FA1806800884FF0 /* Release */,
			);
			defaultConfigurationIsVisible = 0;
			defaultConfigurationName = Release;
		};
		BA3023D01FA1806800884FF0 /* Build configuration list for PBXNativeTarget "CollectionViewUIViewController" */ = {
			isa = XCConfigurationList;
			buildConfigurations = (
				BA3023D11FA1806800884FF0 /* Debug */,
				BA3023D21FA1806800884FF0 /* Release */,
			);
			defaultConfigurationIsVisible = 0;
			defaultConfigurationName = Release;
		};
/* End XCConfigurationList section */
	};
	rootObject = BA3023B61FA1806800884FF0 /* Project object */;
}
