// !$*UTF8*$!
{
	archiveVersion = 1;
	classes = {
	};
	objectVersion = 48;
	objects = {

/* Begin PBXBuildFile section */
		BA713B4C1FBBEA5D00CE613D /* AppDelegate.swift in Sources */ = {isa = PBXBuildFile; fileRef = BA713B4B1FBBEA5D00CE613D /* AppDelegate.swift */; };
		BA713B4E1FBBEA5D00CE613D /* ViewController.swift in Sources */ = {isa = PBXBuildFile; fileRef = BA713B4D1FBBEA5D00CE613D /* ViewController.swift */; };
		BA713B511FBBEA5D00CE613D /* Main.storyboard in Resources */ = {isa = PBXBuildFile; fileRef = BA713B4F1FBBEA5D00CE613D /* Main.storyboard */; };
		BA713B531FBBEA5D00CE613D /* Assets.xcassets in Resources */ = {isa = PBXBuildFile; fileRef = BA713B521FBBEA5D00CE613D /* Assets.xcassets */; };
		BA713B561FBBEA5D00CE613D /* LaunchScreen.storyboard in Resources */ = {isa = PBXBuildFile; fileRef = BA713B541FBBEA5D00CE613D /* LaunchScreen.storyboard */; };
/* End PBXBuildFile section */

/* Begin PBXFileReference section */
		BA713B481FBBEA5D00CE613D /* 1115networktest.app */ = {isa = PBXFileReference; explicitFileType = wrapper.application; includeInIndex = 0; path = 1115networktest.app; sourceTree = BUILT_PRODUCTS_DIR; };
		BA713B4B1FBBEA5D00CE613D /* AppDelegate.swift */ = {isa = PBXFileReference; lastKnownFileType = sourcecode.swift; path = AppDelegate.swift; sourceTree = "<group>"; };
		BA713B4D1FBBEA5D00CE613D /* ViewController.swift */ = {isa = PBXFileReference; lastKnownFileType = sourcecode.swift; path = ViewController.swift; sourceTree = "<group>"; };
		BA713B501FBBEA5D00CE613D /* Base */ = {isa = PBXFileReference; lastKnownFileType = file.storyboard; name = Base; path = Base.lproj/Main.storyboard; sourceTree = "<group>"; };
		BA713B521FBBEA5D00CE613D /* Assets.xcassets */ = {isa = PBXFileReference; lastKnownFileType = folder.assetcatalog; path = Assets.xcassets; sourceTree = "<group>"; };
		BA713B551FBBEA5D00CE613D /* Base */ = {isa = PBXFileReference; lastKnownFileType = file.storyboard; name = Base; path = Base.lproj/LaunchScreen.storyboard; sourceTree = "<group>"; };
		BA713B571FBBEA5D00CE613D /* Info.plist */ = {isa = PBXFileReference; lastKnownFileType = text.plist.xml; path = Info.plist; sourceTree = "<group>"; };
/* End PBXFileReference section */

/* Begin PBXFrameworksBuildPhase section */
		BA713B451FBBEA5D00CE613D /* Frameworks */ = {
			isa = PBXFrameworksBuildPhase;
			buildActionMask = 2147483647;
			files = (
			);
			runOnlyForDeploymentPostprocessing = 0;
		};
/* End PBXFrameworksBuildPhase section */

/* Begin PBXGroup section */
		BA713B3F1FBBEA5D00CE613D = {
			isa = PBXGroup;
			children = (
				BA713B4A1FBBEA5D00CE613D /* 1115networktest */,
				BA713B491FBBEA5D00CE613D /* Products */,
			);
			sourceTree = "<group>";
		};
		BA713B491FBBEA5D00CE613D /* Products */ = {
			isa = PBXGroup;
			children = (
				BA713B481FBBEA5D00CE613D /* 1115networktest.app */,
			);
			name = Products;
			sourceTree = "<group>";
		};
		BA713B4A1FBBEA5D00CE613D /* 1115networktest */ = {
			isa = PBXGroup;
			children = (
				BA713B4B1FBBEA5D00CE613D /* AppDelegate.swift */,
				BA713B4D1FBBEA5D00CE613D /* ViewController.swift */,
				BA713B4F1FBBEA5D00CE613D /* Main.storyboard */,
				BA713B521FBBEA5D00CE613D /* Assets.xcassets */,
				BA713B541FBBEA5D00CE613D /* LaunchScreen.storyboard */,
				BA713B571FBBEA5D00CE613D /* Info.plist */,
			);
			path = 1115networktest;
			sourceTree = "<group>";
		};
/* End PBXGroup section */

/* Begin PBXNativeTarget section */
		BA713B471FBBEA5D00CE613D /* 1115networktest */ = {
			isa = PBXNativeTarget;
			buildConfigurationList = BA713B5A1FBBEA5D00CE613D /* Build configuration list for PBXNativeTarget "1115networktest" */;
			buildPhases = (
				BA713B441FBBEA5D00CE613D /* Sources */,
				BA713B451FBBEA5D00CE613D /* Frameworks */,
				BA713B461FBBEA5D00CE613D /* Resources */,
			);
			buildRules = (
			);
			dependencies = (
			);
			name = 1115networktest;
			productName = 1115networktest;
			productReference = BA713B481FBBEA5D00CE613D /* 1115networktest.app */;
			productType = "com.apple.product-type.application";
		};
/* End PBXNativeTarget section */

/* Begin PBXProject section */
		BA713B401FBBEA5D00CE613D /* Project object */ = {
			isa = PBXProject;
			attributes = {
				LastSwiftUpdateCheck = 0900;
				LastUpgradeCheck = 0900;
				ORGANIZATIONNAME = okkoung;
				TargetAttributes = {
					BA713B471FBBEA5D00CE613D = {
						CreatedOnToolsVersion = 9.0.1;
						ProvisioningStyle = Automatic;
					};
				};
			};
			buildConfigurationList = BA713B431FBBEA5D00CE613D /* Build configuration list for PBXProject "1115networktest" */;
			compatibilityVersion = "Xcode 8.0";
			developmentRegion = en;
			hasScannedForEncodings = 0;
			knownRegions = (
				en,
				Base,
			);
			mainGroup = BA713B3F1FBBEA5D00CE613D;
			productRefGroup = BA713B491FBBEA5D00CE613D /* Products */;
			projectDirPath = "";
			projectRoot = "";
			targets = (
				BA713B471FBBEA5D00CE613D /* 1115networktest */,
			);
		};
/* End PBXProject section */

/* Begin PBXResourcesBuildPhase section */
		BA713B461FBBEA5D00CE613D /* Resources */ = {
			isa = PBXResourcesBuildPhase;
			buildActionMask = 2147483647;
			files = (
				BA713B561FBBEA5D00CE613D /* LaunchScreen.storyboard in Resources */,
				BA713B531FBBEA5D00CE613D /* Assets.xcassets in Resources */,
				BA713B511FBBEA5D00CE613D /* Main.storyboard in Resources */,
			);
			runOnlyForDeploymentPostprocessing = 0;
		};
/* End PBXResourcesBuildPhase section */

/* Begin PBXSourcesBuildPhase section */
		BA713B441FBBEA5D00CE613D /* Sources */ = {
			isa = PBXSourcesBuildPhase;
			buildActionMask = 2147483647;
			files = (
				BA713B4E1FBBEA5D00CE613D /* ViewController.swift in Sources */,
				BA713B4C1FBBEA5D00CE613D /* AppDelegate.swift in Sources */,
			);
			runOnlyForDeploymentPostprocessing = 0;
		};
/* End PBXSourcesBuildPhase section */

/* Begin PBXVariantGroup section */
		BA713B4F1FBBEA5D00CE613D /* Main.storyboard */ = {
			isa = PBXVariantGroup;
			children = (
				BA713B501FBBEA5D00CE613D /* Base */,
			);
			name = Main.storyboard;
			sourceTree = "<group>";
		};
		BA713B541FBBEA5D00CE613D /* LaunchScreen.storyboard */ = {
			isa = PBXVariantGroup;
			children = (
				BA713B551FBBEA5D00CE613D /* Base */,
			);
			name = LaunchScreen.storyboard;
			sourceTree = "<group>";
		};
/* End PBXVariantGroup section */

/* Begin XCBuildConfiguration section */
		BA713B581FBBEA5D00CE613D /* Debug */ = {
			isa = XCBuildConfiguration;
			buildSettings = {
				ALWAYS_SEARCH_USER_PATHS = NO;
				CLANG_ANALYZER_NONNULL = YES;
				CLANG_ANALYZER_NUMBER_OBJECT_CONVERSION = YES_AGGRESSIVE;
				CLANG_CXX_LANGUAGE_STANDARD = "gnu++14";
				CLANG_CXX_LIBRARY = "libc++";
				CLANG_ENABLE_MODULES = YES;
				CLANG_ENABLE_OBJC_ARC = YES;
				CLANG_WARN_BLOCK_CAPTURE_AUTORELEASING = YES;
				CLANG_WARN_BOOL_CONVERSION = YES;
				CLANG_WARN_COMMA = YES;
				CLANG_WARN_CONSTANT_CONVERSION = YES;
				CLANG_WARN_DIRECT_OBJC_ISA_USAGE = YES_ERROR;
				CLANG_WARN_DOCUMENTATION_COMMENTS = YES;
				CLANG_WARN_EMPTY_BODY = YES;
				CLANG_WARN_ENUM_CONVERSION = YES;
				CLANG_WARN_INFINITE_RECURSION = YES;
				CLANG_WARN_INT_CONVERSION = YES;
				CLANG_WARN_NON_LITERAL_NULL_CONVERSION = YES;
				CLANG_WARN_OBJC_LITERAL_CONVERSION = YES;
				CLANG_WARN_OBJC_ROOT_CLASS = YES_ERROR;
				CLANG_WARN_RANGE_LOOP_ANALYSIS = YES;
				CLANG_WARN_STRICT_PROTOTYPES = YES;
				CLANG_WARN_SUSPICIOUS_MOVE = YES;
				CLANG_WARN_UNGUARDED_AVAILABILITY = YES_AGGRESSIVE;
				CLANG_WARN_UNREACHABLE_CODE = YES;
				CLANG_WARN__DUPLICATE_METHOD_MATCH = YES;
				CODE_SIGN_IDENTITY = "iPhone Developer";
				COPY_PHASE_STRIP = NO;
				DEBUG_INFORMATION_FORMAT = dwarf;
				ENABLE_STRICT_OBJC_MSGSEND = YES;
				ENABLE_TESTABILITY = YES;
				GCC_C_LANGUAGE_STANDARD = gnu11;
				GCC_DYNAMIC_NO_PIC = NO;
				GCC_NO_COMMON_BLOCKS = YES;
				GCC_OPTIMIZATION_LEVEL = 0;
				GCC_PREPROCESSOR_DEFINITIONS = (
					"DEBUG=1",
					"$(inherited)",
				);
				GCC_WARN_64_TO_32_BIT_CONVERSION = YES;
				GCC_WARN_ABOUT_RETURN_TYPE = YES_ERROR;
				GCC_WARN_UNDECLARED_SELECTOR = YES;
				GCC_WARN_UNINITIALIZED_AUTOS = YES_AGGRESSIVE;
				GCC_WARN_UNUSED_FUNCTION = YES;
				GCC_WARN_UNUSED_VARIABLE = YES;
				IPHONEOS_DEPLOYMENT_TARGET = 11.0;
				MTL_ENABLE_DEBUG_INFO = YES;
				ONLY_ACTIVE_ARCH = YES;
				SDKROOT = iphoneos;
				SWIFT_ACTIVE_COMPILATION_CONDITIONS = DEBUG;
				SWIFT_OPTIMIZATION_LEVEL = "-Onone";
			};
			name = Debug;
		};
		BA713B591FBBEA5D00CE613D /* Release */ = {
			isa = XCBuildConfiguration;
			buildSettings = {
				ALWAYS_SEARCH_USER_PATHS = NO;
				CLANG_ANALYZER_NONNULL = YES;
				CLANG_ANALYZER_NUMBER_OBJECT_CONVERSION = YES_AGGRESSIVE;
				CLANG_CXX_LANGUAGE_STANDARD = "gnu++14";
				CLANG_CXX_LIBRARY = "libc++";
				CLANG_ENABLE_MODULES = YES;
				CLANG_ENABLE_OBJC_ARC = YES;
				CLANG_WARN_BLOCK_CAPTURE_AUTORELEASING = YES;
				CLANG_WARN_BOOL_CONVERSION = YES;
				CLANG_WARN_COMMA = YES;
				CLANG_WARN_CONSTANT_CONVERSION = YES;
				CLANG_WARN_DIRECT_OBJC_ISA_USAGE = YES_ERROR;
				CLANG_WARN_DOCUMENTATION_COMMENTS = YES;
				CLANG_WARN_EMPTY_BODY = YES;
				CLANG_WARN_ENUM_CONVERSION = YES;
				CLANG_WARN_INFINITE_RECURSION = YES;
				CLANG_WARN_INT_CONVERSION = YES;
				CLANG_WARN_NON_LITERAL_NULL_CONVERSION = YES;
				CLANG_WARN_OBJC_LITERAL_CONVERSION = YES;
				CLANG_WARN_OBJC_ROOT_CLASS = YES_ERROR;
				CLANG_WARN_RANGE_LOOP_ANALYSIS = YES;
				CLANG_WARN_STRICT_PROTOTYPES = YES;
				CLANG_WARN_SUSPICIOUS_MOVE = YES;
				CLANG_WARN_UNGUARDED_AVAILABILITY = YES_AGGRESSIVE;
				CLANG_WARN_UNREACHABLE_CODE = YES;
				CLANG_WARN__DUPLICATE_METHOD_MATCH = YES;
				CODE_SIGN_IDENTITY = "iPhone Developer";
				COPY_PHASE_STRIP = NO;
				DEBUG_INFORMATION_FORMAT = "dwarf-with-dsym";
				ENABLE_NS_ASSERTIONS = NO;
				ENABLE_STRICT_OBJC_MSGSEND = YES;
				GCC_C_LANGUAGE_STANDARD = gnu11;
				GCC_NO_COMMON_BLOCKS = YES;
				GCC_WARN_64_TO_32_BIT_CONVERSION = YES;
				GCC_WARN_ABOUT_RETURN_TYPE = YES_ERROR;
				GCC_WARN_UNDECLARED_SELECTOR = YES;
				GCC_WARN_UNINITIALIZED_AUTOS = YES_AGGRESSIVE;
				GCC_WARN_UNUSED_FUNCTION = YES;
				GCC_WARN_UNUSED_VARIABLE = YES;
				IPHONEOS_DEPLOYMENT_TARGET = 11.0;
				MTL_ENABLE_DEBUG_INFO = NO;
				SDKROOT = iphoneos;
				SWIFT_OPTIMIZATION_LEVEL = "-Owholemodule";
				VALIDATE_PRODUCT = YES;
			};
			name = Release;
		};
		BA713B5B1FBBEA5D00CE613D /* Debug */ = {
			isa = XCBuildConfiguration;
			buildSettings = {
				ASSETCATALOG_COMPILER_APPICON_NAME = AppIcon;
				CODE_SIGN_STYLE = Automatic;
				INFOPLIST_FILE = 1115networktest/Info.plist;
				LD_RUNPATH_SEARCH_PATHS = "$(inherited) @executable_path/Frameworks";
				PRODUCT_BUNDLE_IDENTIFIER = "com.jscschool.-115networktest";
				PRODUCT_NAME = "$(TARGET_NAME)";
				SWIFT_VERSION = 4.0;
				TARGETED_DEVICE_FAMILY = "1,2";
			};
			name = Debug;
		};
		BA713B5C1FBBEA5D00CE613D /* Release */ = {
			isa = XCBuildConfiguration;
			buildSettings = {
				ASSETCATALOG_COMPILER_APPICON_NAME = AppIcon;
				CODE_SIGN_STYLE = Automatic;
				INFOPLIST_FILE = 1115networktest/Info.plist;
				LD_RUNPATH_SEARCH_PATHS = "$(inherited) @executable_path/Frameworks";
				PRODUCT_BUNDLE_IDENTIFIER = "com.jscschool.-115networktest";
				PRODUCT_NAME = "$(TARGET_NAME)";
				SWIFT_VERSION = 4.0;
				TARGETED_DEVICE_FAMILY = "1,2";
			};
			name = Release;
		};
/* End XCBuildConfiguration section */

/* Begin XCConfigurationList section */
		BA713B431FBBEA5D00CE613D /* Build configuration list for PBXProject "1115networktest" */ = {
			isa = XCConfigurationList;
			buildConfigurations = (
				BA713B581FBBEA5D00CE613D /* Debug */,
				BA713B591FBBEA5D00CE613D /* Release */,
			);
			defaultConfigurationIsVisible = 0;
			defaultConfigurationName = Release;
		};
		BA713B5A1FBBEA5D00CE613D /* Build configuration list for PBXNativeTarget "1115networktest" */ = {
			isa = XCConfigurationList;
			buildConfigurations = (
				BA713B5B1FBBEA5D00CE613D /* Debug */,
				BA713B5C1FBBEA5D00CE613D /* Release */,
			);
			defaultConfigurationIsVisible = 0;
			defaultConfigurationName = Release;
		};
/* End XCConfigurationList section */
	};
	rootObject = BA713B401FBBEA5D00CE613D /* Project object */;
}
