// !$*UTF8*$!
{
	archiveVersion = 1;
	classes = {
	};
	objectVersion = 48;
	objects = {

/* Begin PBXBuildFile section */
		BA196E2B1FA1DA6B00F1F6F7 /* AppDelegate.swift in Sources */ = {isa = PBXBuildFile; fileRef = BA196E2A1FA1DA6B00F1F6F7 /* AppDelegate.swift */; };
		BA196E2D1FA1DA6B00F1F6F7 /* ViewController.swift in Sources */ = {isa = PBXBuildFile; fileRef = BA196E2C1FA1DA6B00F1F6F7 /* ViewController.swift */; };
		BA196E301FA1DA6B00F1F6F7 /* Main.storyboard in Resources */ = {isa = PBXBuildFile; fileRef = BA196E2E1FA1DA6B00F1F6F7 /* Main.storyboard */; };
		BA196E321FA1DA6B00F1F6F7 /* Assets.xcassets in Resources */ = {isa = PBXBuildFile; fileRef = BA196E311FA1DA6B00F1F6F7 /* Assets.xcassets */; };
		BA196E351FA1DA6B00F1F6F7 /* LaunchScreen.storyboard in Resources */ = {isa = PBXBuildFile; fileRef = BA196E331FA1DA6B00F1F6F7 /* LaunchScreen.storyboard */; };
/* End PBXBuildFile section */

/* Begin PBXFileReference section */
		BA196E271FA1DA6B00F1F6F7 /* collectionViewSample.app */ = {isa = PBXFileReference; explicitFileType = wrapper.application; includeInIndex = 0; path = collectionViewSample.app; sourceTree = BUILT_PRODUCTS_DIR; };
		BA196E2A1FA1DA6B00F1F6F7 /* AppDelegate.swift */ = {isa = PBXFileReference; lastKnownFileType = sourcecode.swift; path = AppDelegate.swift; sourceTree = "<group>"; };
		BA196E2C1FA1DA6B00F1F6F7 /* ViewController.swift */ = {isa = PBXFileReference; lastKnownFileType = sourcecode.swift; path = ViewController.swift; sourceTree = "<group>"; };
		BA196E2F1FA1DA6B00F1F6F7 /* Base */ = {isa = PBXFileReference; lastKnownFileType = file.storyboard; name = Base; path = Base.lproj/Main.storyboard; sourceTree = "<group>"; };
		BA196E311FA1DA6B00F1F6F7 /* Assets.xcassets */ = {isa = PBXFileReference; lastKnownFileType = folder.assetcatalog; path = Assets.xcassets; sourceTree = "<group>"; };
		BA196E341FA1DA6B00F1F6F7 /* Base */ = {isa = PBXFileReference; lastKnownFileType = file.storyboard; name = Base; path = Base.lproj/LaunchScreen.storyboard; sourceTree = "<group>"; };
		BA196E361FA1DA6B00F1F6F7 /* Info.plist */ = {isa = PBXFileReference; lastKnownFileType = text.plist.xml; path = Info.plist; sourceTree = "<group>"; };
/* End PBXFileReference section */

/* Begin PBXFrameworksBuildPhase section */
		BA196E241FA1DA6B00F1F6F7 /* Frameworks */ = {
			isa = PBXFrameworksBuildPhase;
			buildActionMask = 2147483647;
			files = (
			);
			runOnlyForDeploymentPostprocessing = 0;
		};
/* End PBXFrameworksBuildPhase section */

/* Begin PBXGroup section */
		BA196E1E1FA1DA6B00F1F6F7 = {
			isa = PBXGroup;
			children = (
				BA196E291FA1DA6B00F1F6F7 /* collectionViewSample */,
				BA196E281FA1DA6B00F1F6F7 /* Products */,
			);
			sourceTree = "<group>";
		};
		BA196E281FA1DA6B00F1F6F7 /* Products */ = {
			isa = PBXGroup;
			children = (
				BA196E271FA1DA6B00F1F6F7 /* collectionViewSample.app */,
			);
			name = Products;
			sourceTree = "<group>";
		};
		BA196E291FA1DA6B00F1F6F7 /* collectionViewSample */ = {
			isa = PBXGroup;
			children = (
				BA196E2A1FA1DA6B00F1F6F7 /* AppDelegate.swift */,
				BA196E2C1FA1DA6B00F1F6F7 /* ViewController.swift */,
				BA196E2E1FA1DA6B00F1F6F7 /* Main.storyboard */,
				BA196E311FA1DA6B00F1F6F7 /* Assets.xcassets */,
				BA196E331FA1DA6B00F1F6F7 /* LaunchScreen.storyboard */,
				BA196E361FA1DA6B00F1F6F7 /* Info.plist */,
			);
			path = collectionViewSample;
			sourceTree = "<group>";
		};
/* End PBXGroup section */

/* Begin PBXNativeTarget section */
		BA196E261FA1DA6B00F1F6F7 /* collectionViewSample */ = {
			isa = PBXNativeTarget;
			buildConfigurationList = BA196E391FA1DA6B00F1F6F7 /* Build configuration list for PBXNativeTarget "collectionViewSample" */;
			buildPhases = (
				BA196E231FA1DA6B00F1F6F7 /* Sources */,
				BA196E241FA1DA6B00F1F6F7 /* Frameworks */,
				BA196E251FA1DA6B00F1F6F7 /* Resources */,
			);
			buildRules = (
			);
			dependencies = (
			);
			name = collectionViewSample;
			productName = collectionViewSample;
			productReference = BA196E271FA1DA6B00F1F6F7 /* collectionViewSample.app */;
			productType = "com.apple.product-type.application";
		};
/* End PBXNativeTarget section */

/* Begin PBXProject section */
		BA196E1F1FA1DA6B00F1F6F7 /* Project object */ = {
			isa = PBXProject;
			attributes = {
				LastSwiftUpdateCheck = 0900;
				LastUpgradeCheck = 0900;
				ORGANIZATIONNAME = okkoung;
				TargetAttributes = {
					BA196E261FA1DA6B00F1F6F7 = {
						CreatedOnToolsVersion = 9.0.1;
						ProvisioningStyle = Automatic;
					};
				};
			};
			buildConfigurationList = BA196E221FA1DA6B00F1F6F7 /* Build configuration list for PBXProject "collectionViewSample" */;
			compatibilityVersion = "Xcode 8.0";
			developmentRegion = en;
			hasScannedForEncodings = 0;
			knownRegions = (
				en,
				Base,
			);
			mainGroup = BA196E1E1FA1DA6B00F1F6F7;
			productRefGroup = BA196E281FA1DA6B00F1F6F7 /* Products */;
			projectDirPath = "";
			projectRoot = "";
			targets = (
				BA196E261FA1DA6B00F1F6F7 /* collectionViewSample */,
			);
		};
/* End PBXProject section */

/* Begin PBXResourcesBuildPhase section */
		BA196E251FA1DA6B00F1F6F7 /* Resources */ = {
			isa = PBXResourcesBuildPhase;
			buildActionMask = 2147483647;
			files = (
				BA196E351FA1DA6B00F1F6F7 /* LaunchScreen.storyboard in Resources */,
				BA196E321FA1DA6B00F1F6F7 /* Assets.xcassets in Resources */,
				BA196E301FA1DA6B00F1F6F7 /* Main.storyboard in Resources */,
			);
			runOnlyForDeploymentPostprocessing = 0;
		};
/* End PBXResourcesBuildPhase section */

/* Begin PBXSourcesBuildPhase section */
		BA196E231FA1DA6B00F1F6F7 /* Sources */ = {
			isa = PBXSourcesBuildPhase;
			buildActionMask = 2147483647;
			files = (
				BA196E2D1FA1DA6B00F1F6F7 /* ViewController.swift in Sources */,
				BA196E2B1FA1DA6B00F1F6F7 /* AppDelegate.swift in Sources */,
			);
			runOnlyForDeploymentPostprocessing = 0;
		};
/* End PBXSourcesBuildPhase section */

/* Begin PBXVariantGroup section */
		BA196E2E1FA1DA6B00F1F6F7 /* Main.storyboard */ = {
			isa = PBXVariantGroup;
			children = (
				BA196E2F1FA1DA6B00F1F6F7 /* Base */,
			);
			name = Main.storyboard;
			sourceTree = "<group>";
		};
		BA196E331FA1DA6B00F1F6F7 /* LaunchScreen.storyboard */ = {
			isa = PBXVariantGroup;
			children = (
				BA196E341FA1DA6B00F1F6F7 /* Base */,
			);
			name = LaunchScreen.storyboard;
			sourceTree = "<group>";
		};
/* End PBXVariantGroup section */

/* Begin XCBuildConfiguration section */
		BA196E371FA1DA6B00F1F6F7 /* Debug */ = {
			isa = XCBuildConfiguration;
			buildSettings = {
				ALWAYS_SEARCH_USER_PATHS = NO;
				CLANG_ANALYZER_NONNULL = YES;
				CLANG_ANALYZER_NUMBER_OBJECT_CONVERSION = YES_AGGRESSIVE;
				CLANG_CXX_LANGUAGE_STANDARD = "gnu++14";
				CLANG_CXX_LIBRARY = "libc++";
				CLANG_ENABLE_MODULES = YES;
				CLANG_ENABLE_OBJC_ARC = YES;
				CLANG_WARN_BLOCK_CAPTURE_AUTORELEASING = YES;
				CLANG_WARN_BOOL_CONVERSION = YES;
				CLANG_WARN_COMMA = YES;
				CLANG_WARN_CONSTANT_CONVERSION = YES;
				CLANG_WARN_DIRECT_OBJC_ISA_USAGE = YES_ERROR;
				CLANG_WARN_DOCUMENTATION_COMMENTS = YES;
				CLANG_WARN_EMPTY_BODY = YES;
				CLANG_WARN_ENUM_CONVERSION = YES;
				CLANG_WARN_INFINITE_RECURSION = YES;
				CLANG_WARN_INT_CONVERSION = YES;
				CLANG_WARN_NON_LITERAL_NULL_CONVERSION = YES;
				CLANG_WARN_OBJC_LITERAL_CONVERSION = YES;
				CLANG_WARN_OBJC_ROOT_CLASS = YES_ERROR;
				CLANG_WARN_RANGE_LOOP_ANALYSIS = YES;
				CLANG_WARN_STRICT_PROTOTYPES = YES;
				CLANG_WARN_SUSPICIOUS_MOVE = YES;
				CLANG_WARN_UNGUARDED_AVAILABILITY = YES_AGGRESSIVE;
				CLANG_WARN_UNREACHABLE_CODE = YES;
				CLANG_WARN__DUPLICATE_METHOD_MATCH = YES;
				CODE_SIGN_IDENTITY = "iPhone Developer";
				COPY_PHASE_STRIP = NO;
				DEBUG_INFORMATION_FORMAT = dwarf;
				ENABLE_STRICT_OBJC_MSGSEND = YES;
				ENABLE_TESTABILITY = YES;
				GCC_C_LANGUAGE_STANDARD = gnu11;
				GCC_DYNAMIC_NO_PIC = NO;
				GCC_NO_COMMON_BLOCKS = YES;
				GCC_OPTIMIZATION_LEVEL = 0;
				GCC_PREPROCESSOR_DEFINITIONS = (
					"DEBUG=1",
					"$(inherited)",
				);
				GCC_WARN_64_TO_32_BIT_CONVERSION = YES;
				GCC_WARN_ABOUT_RETURN_TYPE = YES_ERROR;
				GCC_WARN_UNDECLARED_SELECTOR = YES;
				GCC_WARN_UNINITIALIZED_AUTOS = YES_AGGRESSIVE;
				GCC_WARN_UNUSED_FUNCTION = YES;
				GCC_WARN_UNUSED_VARIABLE = YES;
				IPHONEOS_DEPLOYMENT_TARGET = 11.0;
				MTL_ENABLE_DEBUG_INFO = YES;
				ONLY_ACTIVE_ARCH = YES;
				SDKROOT = iphoneos;
				SWIFT_ACTIVE_COMPILATION_CONDITIONS = DEBUG;
				SWIFT_OPTIMIZATION_LEVEL = "-Onone";
			};
			name = Debug;
		};
		BA196E381FA1DA6B00F1F6F7 /* Release */ = {
			isa = XCBuildConfiguration;
			buildSettings = {
				ALWAYS_SEARCH_USER_PATHS = NO;
				CLANG_ANALYZER_NONNULL = YES;
				CLANG_ANALYZER_NUMBER_OBJECT_CONVERSION = YES_AGGRESSIVE;
				CLANG_CXX_LANGUAGE_STANDARD = "gnu++14";
				CLANG_CXX_LIBRARY = "libc++";
				CLANG_ENABLE_MODULES = YES;
				CLANG_ENABLE_OBJC_ARC = YES;
				CLANG_WARN_BLOCK_CAPTURE_AUTORELEASING = YES;
				CLANG_WARN_BOOL_CONVERSION = YES;
				CLANG_WARN_COMMA = YES;
				CLANG_WARN_CONSTANT_CONVERSION = YES;
				CLANG_WARN_DIRECT_OBJC_ISA_USAGE = YES_ERROR;
				CLANG_WARN_DOCUMENTATION_COMMENTS = YES;
				CLANG_WARN_EMPTY_BODY = YES;
				CLANG_WARN_ENUM_CONVERSION = YES;
				CLANG_WARN_INFINITE_RECURSION = YES;
				CLANG_WARN_INT_CONVERSION = YES;
				CLANG_WARN_NON_LITERAL_NULL_CONVERSION = YES;
				CLANG_WARN_OBJC_LITERAL_CONVERSION = YES;
				CLANG_WARN_OBJC_ROOT_CLASS = YES_ERROR;
				CLANG_WARN_RANGE_LOOP_ANALYSIS = YES;
				CLANG_WARN_STRICT_PROTOTYPES = YES;
				CLANG_WARN_SUSPICIOUS_MOVE = YES;
				CLANG_WARN_UNGUARDED_AVAILABILITY = YES_AGGRESSIVE;
				CLANG_WARN_UNREACHABLE_CODE = YES;
				CLANG_WARN__DUPLICATE_METHOD_MATCH = YES;
				CODE_SIGN_IDENTITY = "iPhone Developer";
				COPY_PHASE_STRIP = NO;
				DEBUG_INFORMATION_FORMAT = "dwarf-with-dsym";
				ENABLE_NS_ASSERTIONS = NO;
				ENABLE_STRICT_OBJC_MSGSEND = YES;
				GCC_C_LANGUAGE_STANDARD = gnu11;
				GCC_NO_COMMON_BLOCKS = YES;
				GCC_WARN_64_TO_32_BIT_CONVERSION = YES;
				GCC_WARN_ABOUT_RETURN_TYPE = YES_ERROR;
				GCC_WARN_UNDECLARED_SELECTOR = YES;
				GCC_WARN_UNINITIALIZED_AUTOS = YES_AGGRESSIVE;
				GCC_WARN_UNUSED_FUNCTION = YES;
				GCC_WARN_UNUSED_VARIABLE = YES;
				IPHONEOS_DEPLOYMENT_TARGET = 11.0;
				MTL_ENABLE_DEBUG_INFO = NO;
				SDKROOT = iphoneos;
				SWIFT_OPTIMIZATION_LEVEL = "-Owholemodule";
				VALIDATE_PRODUCT = YES;
			};
			name = Release;
		};
		BA196E3A1FA1DA6B00F1F6F7 /* Debug */ = {
			isa = XCBuildConfiguration;
			buildSettings = {
				ASSETCATALOG_COMPILER_APPICON_NAME = AppIcon;
				CODE_SIGN_STYLE = Automatic;
				INFOPLIST_FILE = collectionViewSample/Info.plist;
				LD_RUNPATH_SEARCH_PATHS = "$(inherited) @executable_path/Frameworks";
				PRODUCT_BUNDLE_IDENTIFIER = com.jscschool.collectionViewSample;
				PRODUCT_NAME = "$(TARGET_NAME)";
				SWIFT_VERSION = 4.0;
				TARGETED_DEVICE_FAMILY = "1,2";
			};
			name = Debug;
		};
		BA196E3B1FA1DA6B00F1F6F7 /* Release */ = {
			isa = XCBuildConfiguration;
			buildSettings = {
				ASSETCATALOG_COMPILER_APPICON_NAME = AppIcon;
				CODE_SIGN_STYLE = Automatic;
				INFOPLIST_FILE = collectionViewSample/Info.plist;
				LD_RUNPATH_SEARCH_PATHS = "$(inherited) @executable_path/Frameworks";
				PRODUCT_BUNDLE_IDENTIFIER = com.jscschool.collectionViewSample;
				PRODUCT_NAME = "$(TARGET_NAME)";
				SWIFT_VERSION = 4.0;
				TARGETED_DEVICE_FAMILY = "1,2";
			};
			name = Release;
		};
/* End XCBuildConfiguration section */

/* Begin XCConfigurationList section */
		BA196E221FA1DA6B00F1F6F7 /* Build configuration list for PBXProject "collectionViewSample" */ = {
			isa = XCConfigurationList;
			buildConfigurations = (
				BA196E371FA1DA6B00F1F6F7 /* Debug */,
				BA196E381FA1DA6B00F1F6F7 /* Release */,
			);
			defaultConfigurationIsVisible = 0;
			defaultConfigurationName = Release;
		};
		BA196E391FA1DA6B00F1F6F7 /* Build configuration list for PBXNativeTarget "collectionViewSample" */ = {
			isa = XCConfigurationList;
			buildConfigurations = (
				BA196E3A1FA1DA6B00F1F6F7 /* Debug */,
				BA196E3B1FA1DA6B00F1F6F7 /* Release */,
			);
			defaultConfigurationIsVisible = 0;
			defaultConfigurationName = Release;
		};
/* End XCConfigurationList section */
	};
	rootObject = BA196E1F1FA1DA6B00F1F6F7 /* Project object */;
}
