// !$*UTF8*$!
{
	archiveVersion = 1;
	classes = {
	};
	objectVersion = 46;
	objects = {

/* Begin PBXBuildFile section */
		BA7683F11F7DDB82006C2D9F /* AppDelegate.swift in Sources */ = {isa = PBXBuildFile; fileRef = BA7683F01F7DDB82006C2D9F /* AppDelegate.swift */; };
		BA7683F31F7DDB82006C2D9F /* ViewController.swift in Sources */ = {isa = PBXBuildFile; fileRef = BA7683F21F7DDB82006C2D9F /* ViewController.swift */; };
		BA7683F61F7DDB82006C2D9F /* Main.storyboard in Resources */ = {isa = PBXBuildFile; fileRef = BA7683F41F7DDB82006C2D9F /* Main.storyboard */; };
		BA7683F81F7DDB82006C2D9F /* Assets.xcassets in Resources */ = {isa = PBXBuildFile; fileRef = BA7683F71F7DDB82006C2D9F /* Assets.xcassets */; };
		BA7683FB1F7DDB82006C2D9F /* LaunchScreen.storyboard in Resources */ = {isa = PBXBuildFile; fileRef = BA7683F91F7DDB82006C2D9F /* LaunchScreen.storyboard */; };
/* End PBXBuildFile section */

/* Begin PBXFileReference section */
		BA7683ED1F7DDB82006C2D9F /* 0929UI.app */ = {isa = PBXFileReference; explicitFileType = wrapper.application; includeInIndex = 0; path = 0929UI.app; sourceTree = BUILT_PRODUCTS_DIR; };
		BA7683F01F7DDB82006C2D9F /* AppDelegate.swift */ = {isa = PBXFileReference; lastKnownFileType = sourcecode.swift; path = AppDelegate.swift; sourceTree = "<group>"; };
		BA7683F21F7DDB82006C2D9F /* ViewController.swift */ = {isa = PBXFileReference; lastKnownFileType = sourcecode.swift; path = ViewController.swift; sourceTree = "<group>"; };
		BA7683F51F7DDB82006C2D9F /* Base */ = {isa = PBXFileReference; lastKnownFileType = file.storyboard; name = Base; path = Base.lproj/Main.storyboard; sourceTree = "<group>"; };
		BA7683F71F7DDB82006C2D9F /* Assets.xcassets */ = {isa = PBXFileReference; lastKnownFileType = folder.assetcatalog; path = Assets.xcassets; sourceTree = "<group>"; };
		BA7683FA1F7DDB82006C2D9F /* Base */ = {isa = PBXFileReference; lastKnownFileType = file.storyboard; name = Base; path = Base.lproj/LaunchScreen.storyboard; sourceTree = "<group>"; };
		BA7683FC1F7DDB82006C2D9F /* Info.plist */ = {isa = PBXFileReference; lastKnownFileType = text.plist.xml; path = Info.plist; sourceTree = "<group>"; };
/* End PBXFileReference section */

/* Begin PBXFrameworksBuildPhase section */
		BA7683EA1F7DDB82006C2D9F /* Frameworks */ = {
			isa = PBXFrameworksBuildPhase;
			buildActionMask = 2147483647;
			files = (
			);
			runOnlyForDeploymentPostprocessing = 0;
		};
/* End PBXFrameworksBuildPhase section */

/* Begin PBXGroup section */
		BA7683E41F7DDB82006C2D9F = {
			isa = PBXGroup;
			children = (
				BA7683EF1F7DDB82006C2D9F /* 0929UI */,
				BA7683EE1F7DDB82006C2D9F /* Products */,
			);
			sourceTree = "<group>";
		};
		BA7683EE1F7DDB82006C2D9F /* Products */ = {
			isa = PBXGroup;
			children = (
				BA7683ED1F7DDB82006C2D9F /* 0929UI.app */,
			);
			name = Products;
			sourceTree = "<group>";
		};
		BA7683EF1F7DDB82006C2D9F /* 0929UI */ = {
			isa = PBXGroup;
			children = (
				BA7683F01F7DDB82006C2D9F /* AppDelegate.swift */,
				BA7683F21F7DDB82006C2D9F /* ViewController.swift */,
				BA7683F41F7DDB82006C2D9F /* Main.storyboard */,
				BA7683F71F7DDB82006C2D9F /* Assets.xcassets */,
				BA7683F91F7DDB82006C2D9F /* LaunchScreen.storyboard */,
				BA7683FC1F7DDB82006C2D9F /* Info.plist */,
			);
			path = 0929UI;
			sourceTree = "<group>";
		};
/* End PBXGroup section */

/* Begin PBXNativeTarget section */
		BA7683EC1F7DDB82006C2D9F /* 0929UI */ = {
			isa = PBXNativeTarget;
			buildConfigurationList = BA7683FF1F7DDB82006C2D9F /* Build configuration list for PBXNativeTarget "0929UI" */;
			buildPhases = (
				BA7683E91F7DDB82006C2D9F /* Sources */,
				BA7683EA1F7DDB82006C2D9F /* Frameworks */,
				BA7683EB1F7DDB82006C2D9F /* Resources */,
			);
			buildRules = (
			);
			dependencies = (
			);
			name = 0929UI;
			productName = 0929UI;
			productReference = BA7683ED1F7DDB82006C2D9F /* 0929UI.app */;
			productType = "com.apple.product-type.application";
		};
/* End PBXNativeTarget section */

/* Begin PBXProject section */
		BA7683E51F7DDB82006C2D9F /* Project object */ = {
			isa = PBXProject;
			attributes = {
				LastSwiftUpdateCheck = 0830;
				LastUpgradeCheck = 0830;
				ORGANIZATIONNAME = okkoung;
				TargetAttributes = {
					BA7683EC1F7DDB82006C2D9F = {
						CreatedOnToolsVersion = 8.3.3;
						ProvisioningStyle = Automatic;
					};
				};
			};
			buildConfigurationList = BA7683E81F7DDB82006C2D9F /* Build configuration list for PBXProject "0929UI" */;
			compatibilityVersion = "Xcode 3.2";
			developmentRegion = English;
			hasScannedForEncodings = 0;
			knownRegions = (
				en,
				Base,
			);
			mainGroup = BA7683E41F7DDB82006C2D9F;
			productRefGroup = BA7683EE1F7DDB82006C2D9F /* Products */;
			projectDirPath = "";
			projectRoot = "";
			targets = (
				BA7683EC1F7DDB82006C2D9F /* 0929UI */,
			);
		};
/* End PBXProject section */

/* Begin PBXResourcesBuildPhase section */
		BA7683EB1F7DDB82006C2D9F /* Resources */ = {
			isa = PBXResourcesBuildPhase;
			buildActionMask = 2147483647;
			files = (
				BA7683FB1F7DDB82006C2D9F /* LaunchScreen.storyboard in Resources */,
				BA7683F81F7DDB82006C2D9F /* Assets.xcassets in Resources */,
				BA7683F61F7DDB82006C2D9F /* Main.storyboard in Resources */,
			);
			runOnlyForDeploymentPostprocessing = 0;
		};
/* End PBXResourcesBuildPhase section */

/* Begin PBXSourcesBuildPhase section */
		BA7683E91F7DDB82006C2D9F /* Sources */ = {
			isa = PBXSourcesBuildPhase;
			buildActionMask = 2147483647;
			files = (
				BA7683F31F7DDB82006C2D9F /* ViewController.swift in Sources */,
				BA7683F11F7DDB82006C2D9F /* AppDelegate.swift in Sources */,
			);
			runOnlyForDeploymentPostprocessing = 0;
		};
/* End PBXSourcesBuildPhase section */

/* Begin PBXVariantGroup section */
		BA7683F41F7DDB82006C2D9F /* Main.storyboard */ = {
			isa = PBXVariantGroup;
			children = (
				BA7683F51F7DDB82006C2D9F /* Base */,
			);
			name = Main.storyboard;
			sourceTree = "<group>";
		};
		BA7683F91F7DDB82006C2D9F /* LaunchScreen.storyboard */ = {
			isa = PBXVariantGroup;
			children = (
				BA7683FA1F7DDB82006C2D9F /* Base */,
			);
			name = LaunchScreen.storyboard;
			sourceTree = "<group>";
		};
/* End PBXVariantGroup section */

/* Begin XCBuildConfiguration section */
		BA7683FD1F7DDB82006C2D9F /* Debug */ = {
			isa = XCBuildConfiguration;
			buildSettings = {
				ALWAYS_SEARCH_USER_PATHS = NO;
				CLANG_ANALYZER_NONNULL = YES;
				CLANG_ANALYZER_NUMBER_OBJECT_CONVERSION = YES_AGGRESSIVE;
				CLANG_CXX_LANGUAGE_STANDARD = "gnu++0x";
				CLANG_CXX_LIBRARY = "libc++";
				CLANG_ENABLE_MODULES = YES;
				CLANG_ENABLE_OBJC_ARC = YES;
				CLANG_WARN_BOOL_CONVERSION = YES;
				CLANG_WARN_CONSTANT_CONVERSION = YES;
				CLANG_WARN_DIRECT_OBJC_ISA_USAGE = YES_ERROR;
				CLANG_WARN_DOCUMENTATION_COMMENTS = YES;
				CLANG_WARN_EMPTY_BODY = YES;
				CLANG_WARN_ENUM_CONVERSION = YES;
				CLANG_WARN_INFINITE_RECURSION = YES;
				CLANG_WARN_INT_CONVERSION = YES;
				CLANG_WARN_OBJC_ROOT_CLASS = YES_ERROR;
				CLANG_WARN_SUSPICIOUS_MOVE = YES;
				CLANG_WARN_UNREACHABLE_CODE = YES;
				CLANG_WARN__DUPLICATE_METHOD_MATCH = YES;
				"CODE_SIGN_IDENTITY[sdk=iphoneos*]" = "iPhone Developer";
				COPY_PHASE_STRIP = NO;
				DEBUG_INFORMATION_FORMAT = dwarf;
				ENABLE_STRICT_OBJC_MSGSEND = YES;
				ENABLE_TESTABILITY = YES;
				GCC_C_LANGUAGE_STANDARD = gnu99;
				GCC_DYNAMIC_NO_PIC = NO;
				GCC_NO_COMMON_BLOCKS = YES;
				GCC_OPTIMIZATION_LEVEL = 0;
				GCC_PREPROCESSOR_DEFINITIONS = (
					"DEBUG=1",
					"$(inherited)",
				);
				GCC_WARN_64_TO_32_BIT_CONVERSION = YES;
				GCC_WARN_ABOUT_RETURN_TYPE = YES_ERROR;
				GCC_WARN_UNDECLARED_SELECTOR = YES;
				GCC_WARN_UNINITIALIZED_AUTOS = YES_AGGRESSIVE;
				GCC_WARN_UNUSED_FUNCTION = YES;
				GCC_WARN_UNUSED_VARIABLE = YES;
				IPHONEOS_DEPLOYMENT_TARGET = 10.3;
				MTL_ENABLE_DEBUG_INFO = YES;
				ONLY_ACTIVE_ARCH = YES;
				SDKROOT = iphoneos;
				SWIFT_ACTIVE_COMPILATION_CONDITIONS = DEBUG;
				SWIFT_OPTIMIZATION_LEVEL = "-Onone";
			};
			name = Debug;
		};
		BA7683FE1F7DDB82006C2D9F /* Release */ = {
			isa = XCBuildConfiguration;
			buildSettings = {
				ALWAYS_SEARCH_USER_PATHS = NO;
				CLANG_ANALYZER_NONNULL = YES;
				CLANG_ANALYZER_NUMBER_OBJECT_CONVERSION = YES_AGGRESSIVE;
				CLANG_CXX_LANGUAGE_STANDARD = "gnu++0x";
				CLANG_CXX_LIBRARY = "libc++";
				CLANG_ENABLE_MODULES = YES;
				CLANG_ENABLE_OBJC_ARC = YES;
				CLANG_WARN_BOOL_CONVERSION = YES;
				CLANG_WARN_CONSTANT_CONVERSION = YES;
				CLANG_WARN_DIRECT_OBJC_ISA_USAGE = YES_ERROR;
				CLANG_WARN_DOCUMENTATION_COMMENTS = YES;
				CLANG_WARN_EMPTY_BODY = YES;
				CLANG_WARN_ENUM_CONVERSION = YES;
				CLANG_WARN_INFINITE_RECURSION = YES;
				CLANG_WARN_INT_CONVERSION = YES;
				CLANG_WARN_OBJC_ROOT_CLASS = YES_ERROR;
				CLANG_WARN_SUSPICIOUS_MOVE = YES;
				CLANG_WARN_UNREACHABLE_CODE = YES;
				CLANG_WARN__DUPLICATE_METHOD_MATCH = YES;
				"CODE_SIGN_IDENTITY[sdk=iphoneos*]" = "iPhone Developer";
				COPY_PHASE_STRIP = NO;
				DEBUG_INFORMATION_FORMAT = "dwarf-with-dsym";
				ENABLE_NS_ASSERTIONS = NO;
				ENABLE_STRICT_OBJC_MSGSEND = YES;
				GCC_C_LANGUAGE_STANDARD = gnu99;
				GCC_NO_COMMON_BLOCKS = YES;
				GCC_WARN_64_TO_32_BIT_CONVERSION = YES;
				GCC_WARN_ABOUT_RETURN_TYPE = YES_ERROR;
				GCC_WARN_UNDECLARED_SELECTOR = YES;
				GCC_WARN_UNINITIALIZED_AUTOS = YES_AGGRESSIVE;
				GCC_WARN_UNUSED_FUNCTION = YES;
				GCC_WARN_UNUSED_VARIABLE = YES;
				IPHONEOS_DEPLOYMENT_TARGET = 10.3;
				MTL_ENABLE_DEBUG_INFO = NO;
				SDKROOT = iphoneos;
				SWIFT_OPTIMIZATION_LEVEL = "-Owholemodule";
				VALIDATE_PRODUCT = YES;
			};
			name = Release;
		};
		BA7684001F7DDB82006C2D9F /* Debug */ = {
			isa = XCBuildConfiguration;
			buildSettings = {
				ASSETCATALOG_COMPILER_APPICON_NAME = AppIcon;
				INFOPLIST_FILE = 0929UI/Info.plist;
				LD_RUNPATH_SEARCH_PATHS = "$(inherited) @executable_path/Frameworks";
				PRODUCT_BUNDLE_IDENTIFIER = "com.jscschool.-929UI";
				PRODUCT_NAME = "$(TARGET_NAME)";
				SWIFT_VERSION = 3.0;
			};
			name = Debug;
		};
		BA7684011F7DDB82006C2D9F /* Release */ = {
			isa = XCBuildConfiguration;
			buildSettings = {
				ASSETCATALOG_COMPILER_APPICON_NAME = AppIcon;
				INFOPLIST_FILE = 0929UI/Info.plist;
				LD_RUNPATH_SEARCH_PATHS = "$(inherited) @executable_path/Frameworks";
				PRODUCT_BUNDLE_IDENTIFIER = "com.jscschool.-929UI";
				PRODUCT_NAME = "$(TARGET_NAME)";
				SWIFT_VERSION = 3.0;
			};
			name = Release;
		};
/* End XCBuildConfiguration section */

/* Begin XCConfigurationList section */
		BA7683E81F7DDB82006C2D9F /* Build configuration list for PBXProject "0929UI" */ = {
			isa = XCConfigurationList;
			buildConfigurations = (
				BA7683FD1F7DDB82006C2D9F /* Debug */,
				BA7683FE1F7DDB82006C2D9F /* Release */,
			);
			defaultConfigurationIsVisible = 0;
			defaultConfigurationName = Release;
		};
		BA7683FF1F7DDB82006C2D9F /* Build configuration list for PBXNativeTarget "0929UI" */ = {
			isa = XCConfigurationList;
			buildConfigurations = (
				BA7684001F7DDB82006C2D9F /* Debug */,
				BA7684011F7DDB82006C2D9F /* Release */,
			);
			defaultConfigurationIsVisible = 0;
		};
/* End XCConfigurationList section */
	};
	rootObject = BA7683E51F7DDB82006C2D9F /* Project object */;
}
